// !$*UTF8*$!
{
	archiveVersion = 1;
	classes = {
	};
	objectVersion = 46;
	objects = {

/* Begin PBXBuildFile section */
		724E32461D0DFB9F0007E8CA /* LogicTests.cpp in Sources */ = {isa = PBXBuildFile; fileRef = 724E323E1D0DFB9F0007E8CA /* LogicTests.cpp */; };
		724E32491D0DFB9F0007E8CA /* LogicTest.cpp in Sources */ = {isa = PBXBuildFile; fileRef = 724E32441D0DFB9F0007E8CA /* LogicTest.cpp */; };
		724E324B1D0E14020007E8CA /* IOKit.framework in Frameworks */ = {isa = PBXBuildFile; fileRef = 724E324A1D0E14020007E8CA /* IOKit.framework */; };
		724E324D1D0E14100007E8CA /* Cocoa.framework in Frameworks */ = {isa = PBXBuildFile; fileRef = 724E324C1D0E140F0007E8CA /* Cocoa.framework */; };
		724E324F1D0E14150007E8CA /* OpenGL.framework in Frameworks */ = {isa = PBXBuildFile; fileRef = 724E324E1D0E14150007E8CA /* OpenGL.framework */; };
		724E32511D0E141C0007E8CA /* OpenAL.framework in Frameworks */ = {isa = PBXBuildFile; fileRef = 724E32501D0E141C0007E8CA /* OpenAL.framework */; };
		72772F651D0763FD005AC1D8 /* main.cpp in Sources */ = {isa = PBXBuildFile; fileRef = 72772F641D0763FD005AC1D8 /* main.cpp */; };
		72AE75101DB5339000CEB998 /* TypeIndexList.cpp in Sources */ = {isa = PBXBuildFile; fileRef = 72AE750D1DB5339000CEB998 /* TypeIndexList.cpp */; };
		72AE75341DB533A000CEB998 /* Bitset.cpp in Sources */ = {isa = PBXBuildFile; fileRef = 72AE75161DB533A000CEB998 /* Bitset.cpp */; };
		72AE753A1DB533A000CEB998 /* StringHelper.cpp in Sources */ = {isa = PBXBuildFile; fileRef = 72AE752D1DB533A000CEB998 /* StringHelper.cpp */; };
		72AE75511DB533DF00CEB998 /* InputManager.cpp in Sources */ = {isa = PBXBuildFile; fileRef = 72AE75471DB533DF00CEB998 /* InputManager.cpp */; };
		72AE75831DB5340900CEB998 /* Vector2.cpp in Sources */ = {isa = PBXBuildFile; fileRef = 72AE75711DB5340900CEB998 /* Vector2.cpp */; };
		72AE75871DB5347000CEB998 /* MathHelper.cpp in Sources */ = {isa = PBXBuildFile; fileRef = 72AE75851DB5347000CEB998 /* MathHelper.cpp */; };
		72AE758A1DB5348800CEB998 /* InputDevice.cpp in Sources */ = {isa = PBXBuildFile; fileRef = 72AE75881DB5348800CEB998 /* InputDevice.cpp */; };
		72AE75A01DB534A900CEB998 /* GamePadManager.mm in Sources */ = {isa = PBXBuildFile; fileRef = 72AE75941DB534A900CEB998 /* GamePadManager.mm */; };
		72AE75A71DB5387C00CEB998 /* GameWorld.cpp in Sources */ = {isa = PBXBuildFile; fileRef = 72AE75A51DB5387C00CEB998 /* GameWorld.cpp */; };
		72AE75CB1DB5671B00CEB998 /* GameIdHelper.cpp in Sources */ = {isa = PBXBuildFile; fileRef = 72AE75C91DB5671B00CEB998 /* GameIdHelper.cpp */; };
		72AE75CE1DB56AF900CEB998 /* GameSystem.cpp in Sources */ = {isa = PBXBuildFile; fileRef = 72AE75CC1DB56AF900CEB998 /* GameSystem.cpp */; };
		72AE75D31DB56E5200CEB998 /* GameObject.cpp in Sources */ = {isa = PBXBuildFile; fileRef = 72AE75D11DB56E5200CEB998 /* GameObject.cpp */; };
		72B491CD1DB6958C0063518A /* GameScene.cpp in Sources */ = {isa = PBXBuildFile; fileRef = 72B491CB1DB6958C0063518A /* GameScene.cpp */; };
		72B491DE1DBD14D10063518A /* ClangUtil.cpp in Sources */ = {isa = PBXBuildFile; fileRef = 72B491D01DBD14D10063518A /* ClangUtil.cpp */; };
		72B491DF1DBD14D10063518A /* ScriptClass.cpp in Sources */ = {isa = PBXBuildFile; fileRef = 72B491D21DBD14D10063518A /* ScriptClass.cpp */; };
		72B491E11DBD14D10063518A /* ScriptParser.cpp in Sources */ = {isa = PBXBuildFile; fileRef = 72B491DA1DBD14D10063518A /* ScriptParser.cpp */; };
		72B491E21DBD14D10063518A /* ScriptWorld.cpp in Sources */ = {isa = PBXBuildFile; fileRef = 72B491DC1DBD14D10063518A /* ScriptWorld.cpp */; };
		72B491E41DBD15A50063518A /* libclang.dylib in Frameworks */ = {isa = PBXBuildFile; fileRef = 72B491E31DBD15A50063518A /* libclang.dylib */; };
		72B491E71DBD35C70063518A /* FileReader.mm in Sources */ = {isa = PBXBuildFile; fileRef = 72B491E61DBD35C70063518A /* FileReader.mm */; };
		72B491EA1DBD4FAF0063518A /* ScriptTests.cpp in Sources */ = {isa = PBXBuildFile; fileRef = 72B491E81DBD4FAF0063518A /* ScriptTests.cpp */; };
		72B491ED1DBD57400063518A /* ScriptTest.cpp in Sources */ = {isa = PBXBuildFile; fileRef = 72B491EC1DBD57400063518A /* ScriptTest.cpp */; };
/* End PBXBuildFile section */

/* Begin PBXCopyFilesBuildPhase section */
		72772F5F1D0763FD005AC1D8 /* CopyFiles */ = {
			isa = PBXCopyFilesBuildPhase;
			buildActionMask = 2147483647;
			dstPath = /usr/share/man/man1/;
			dstSubfolderSpec = 0;
			files = (
			);
			runOnlyForDeploymentPostprocessing = 1;
		};
/* End PBXCopyFilesBuildPhase section */

/* Begin PBXFileReference section */
		724E323E1D0DFB9F0007E8CA /* LogicTests.cpp */ = {isa = PBXFileReference; fileEncoding = 4; lastKnownFileType = sourcecode.cpp.cpp; path = LogicTests.cpp; sourceTree = "<group>"; };
		724E323F1D0DFB9F0007E8CA /* LogicTests.hpp */ = {isa = PBXFileReference; fileEncoding = 4; lastKnownFileType = sourcecode.cpp.h; path = LogicTests.hpp; sourceTree = "<group>"; };
		724E32441D0DFB9F0007E8CA /* LogicTest.cpp */ = {isa = PBXFileReference; fileEncoding = 4; lastKnownFileType = sourcecode.cpp.cpp; path = LogicTest.cpp; sourceTree = "<group>"; };
		724E32451D0DFB9F0007E8CA /* LogicTest.hpp */ = {isa = PBXFileReference; fileEncoding = 4; lastKnownFileType = sourcecode.cpp.h; path = LogicTest.hpp; sourceTree = "<group>"; };
		724E324A1D0E14020007E8CA /* IOKit.framework */ = {isa = PBXFileReference; lastKnownFileType = wrapper.framework; name = IOKit.framework; path = System/Library/Frameworks/IOKit.framework; sourceTree = SDKROOT; };
		724E324C1D0E140F0007E8CA /* Cocoa.framework */ = {isa = PBXFileReference; lastKnownFileType = wrapper.framework; name = Cocoa.framework; path = System/Library/Frameworks/Cocoa.framework; sourceTree = SDKROOT; };
		724E324E1D0E14150007E8CA /* OpenGL.framework */ = {isa = PBXFileReference; lastKnownFileType = wrapper.framework; name = OpenGL.framework; path = System/Library/Frameworks/OpenGL.framework; sourceTree = SDKROOT; };
		724E32501D0E141C0007E8CA /* OpenAL.framework */ = {isa = PBXFileReference; lastKnownFileType = wrapper.framework; name = OpenAL.framework; path = System/Library/Frameworks/OpenAL.framework; sourceTree = SDKROOT; };
		72772F611D0763FD005AC1D8 /* TestComponentSystem */ = {isa = PBXFileReference; explicitFileType = "compiled.mach-o.executable"; includeInIndex = 0; path = TestComponentSystem; sourceTree = BUILT_PRODUCTS_DIR; };
		72772F641D0763FD005AC1D8 /* main.cpp */ = {isa = PBXFileReference; lastKnownFileType = sourcecode.cpp.cpp; path = main.cpp; sourceTree = "<group>"; };
		72AE750A1DB5339000CEB998 /* JsonSerializer.hpp */ = {isa = PBXFileReference; fileEncoding = 4; lastKnownFileType = sourcecode.cpp.h; path = JsonSerializer.hpp; sourceTree = "<group>"; };
		72AE750B1DB5339000CEB998 /* minijson_reader.hpp */ = {isa = PBXFileReference; fileEncoding = 4; lastKnownFileType = sourcecode.cpp.h; path = minijson_reader.hpp; sourceTree = "<group>"; };
		72AE750C1DB5339000CEB998 /* minijson_writer.hpp */ = {isa = PBXFileReference; fileEncoding = 4; lastKnownFileType = sourcecode.cpp.h; path = minijson_writer.hpp; sourceTree = "<group>"; };
		72AE750D1DB5339000CEB998 /* TypeIndexList.cpp */ = {isa = PBXFileReference; fileEncoding = 4; lastKnownFileType = sourcecode.cpp.cpp; path = TypeIndexList.cpp; sourceTree = "<group>"; };
		72AE750E1DB5339000CEB998 /* TypeIndexList.hpp */ = {isa = PBXFileReference; fileEncoding = 4; lastKnownFileType = sourcecode.cpp.h; path = TypeIndexList.hpp; sourceTree = "<group>"; };
		72AE750F1DB5339000CEB998 /* TypeInfo.hpp */ = {isa = PBXFileReference; fileEncoding = 4; lastKnownFileType = sourcecode.cpp.h; path = TypeInfo.hpp; sourceTree = "<group>"; };
		72AE75161DB533A000CEB998 /* Bitset.cpp */ = {isa = PBXFileReference; fileEncoding = 4; lastKnownFileType = sourcecode.cpp.cpp; path = Bitset.cpp; sourceTree = "<group>"; };
		72AE75171DB533A000CEB998 /* Bitset.hpp */ = {isa = PBXFileReference; fileEncoding = 4; lastKnownFileType = sourcecode.cpp.h; path = Bitset.hpp; sourceTree = "<group>"; };
		72AE751A1DB533A000CEB998 /* DirtyProperty.hpp */ = {isa = PBXFileReference; fileEncoding = 4; lastKnownFileType = sourcecode.cpp.h; path = DirtyProperty.hpp; sourceTree = "<group>"; };
		72AE751B1DB533A000CEB998 /* Event.hpp */ = {isa = PBXFileReference; fileEncoding = 4; lastKnownFileType = sourcecode.cpp.h; path = Event.hpp; sourceTree = "<group>"; };
		72AE75281DB533A000CEB998 /* Property.hpp */ = {isa = PBXFileReference; fileEncoding = 4; lastKnownFileType = sourcecode.cpp.h; path = Property.hpp; sourceTree = "<group>"; };
		72AE752D1DB533A000CEB998 /* StringHelper.cpp */ = {isa = PBXFileReference; fileEncoding = 4; lastKnownFileType = sourcecode.cpp.cpp; path = StringHelper.cpp; sourceTree = "<group>"; };
		72AE752E1DB533A000CEB998 /* StringHelper.hpp */ = {isa = PBXFileReference; fileEncoding = 4; lastKnownFileType = sourcecode.cpp.h; path = StringHelper.hpp; sourceTree = "<group>"; };
		72AE75471DB533DF00CEB998 /* InputManager.cpp */ = {isa = PBXFileReference; fileEncoding = 4; lastKnownFileType = sourcecode.cpp.cpp; path = InputManager.cpp; sourceTree = "<group>"; };
		72AE75481DB533DF00CEB998 /* InputManager.hpp */ = {isa = PBXFileReference; fileEncoding = 4; lastKnownFileType = sourcecode.cpp.h; path = InputManager.hpp; sourceTree = "<group>"; };
		72AE75711DB5340900CEB998 /* Vector2.cpp */ = {isa = PBXFileReference; fileEncoding = 4; lastKnownFileType = sourcecode.cpp.cpp; path = Vector2.cpp; sourceTree = "<group>"; };
		72AE75721DB5340900CEB998 /* Vector2.hpp */ = {isa = PBXFileReference; fileEncoding = 4; lastKnownFileType = sourcecode.cpp.h; path = Vector2.hpp; sourceTree = "<group>"; };
		72AE75851DB5347000CEB998 /* MathHelper.cpp */ = {isa = PBXFileReference; fileEncoding = 4; lastKnownFileType = sourcecode.cpp.cpp; path = MathHelper.cpp; sourceTree = "<group>"; };
		72AE75861DB5347000CEB998 /* MathHelper.hpp */ = {isa = PBXFileReference; fileEncoding = 4; lastKnownFileType = sourcecode.cpp.h; path = MathHelper.hpp; sourceTree = "<group>"; };
		72AE75881DB5348800CEB998 /* InputDevice.cpp */ = {isa = PBXFileReference; fileEncoding = 4; lastKnownFileType = sourcecode.cpp.cpp; path = InputDevice.cpp; sourceTree = "<group>"; };
		72AE75891DB5348800CEB998 /* InputDevice.hpp */ = {isa = PBXFileReference; fileEncoding = 4; lastKnownFileType = sourcecode.cpp.h; path = InputDevice.hpp; sourceTree = "<group>"; };
		72AE758B1DB5349700CEB998 /* GamePadManager.hpp */ = {isa = PBXFileReference; fileEncoding = 4; lastKnownFileType = sourcecode.cpp.h; path = GamePadManager.hpp; sourceTree = "<group>"; };
		72AE75941DB534A900CEB998 /* GamePadManager.mm */ = {isa = PBXFileReference; fileEncoding = 4; lastKnownFileType = sourcecode.cpp.objcpp; path = GamePadManager.mm; sourceTree = "<group>"; };
		72AE75A51DB5387C00CEB998 /* GameWorld.cpp */ = {isa = PBXFileReference; fileEncoding = 4; lastKnownFileType = sourcecode.cpp.cpp; path = GameWorld.cpp; sourceTree = "<group>"; };
		72AE75A61DB5387C00CEB998 /* GameWorld.hpp */ = {isa = PBXFileReference; fileEncoding = 4; lastKnownFileType = sourcecode.cpp.h; path = GameWorld.hpp; sourceTree = "<group>"; };
		72AE75A91DB552C800CEB998 /* Container.hpp */ = {isa = PBXFileReference; fileEncoding = 4; lastKnownFileType = sourcecode.cpp.h; path = Container.hpp; sourceTree = "<group>"; };
		72AE75C91DB5671B00CEB998 /* GameIdHelper.cpp */ = {isa = PBXFileReference; fileEncoding = 4; lastKnownFileType = sourcecode.cpp.cpp; path = GameIdHelper.cpp; sourceTree = "<group>"; };
		72AE75CA1DB5671B00CEB998 /* GameIdHelper.hpp */ = {isa = PBXFileReference; fileEncoding = 4; lastKnownFileType = sourcecode.cpp.h; path = GameIdHelper.hpp; sourceTree = "<group>"; };
		72AE75CC1DB56AF900CEB998 /* GameSystem.cpp */ = {isa = PBXFileReference; fileEncoding = 4; lastKnownFileType = sourcecode.cpp.cpp; path = GameSystem.cpp; sourceTree = "<group>"; };
		72AE75CD1DB56AF900CEB998 /* GameSystem.hpp */ = {isa = PBXFileReference; fileEncoding = 4; lastKnownFileType = sourcecode.cpp.h; path = GameSystem.hpp; sourceTree = "<group>"; };
		72AE75D01DB56C0100CEB998 /* MetaLibrary.hpp */ = {isa = PBXFileReference; fileEncoding = 4; lastKnownFileType = sourcecode.cpp.h; path = MetaLibrary.hpp; sourceTree = "<group>"; };
		72AE75D11DB56E5200CEB998 /* GameObject.cpp */ = {isa = PBXFileReference; fileEncoding = 4; lastKnownFileType = sourcecode.cpp.cpp; path = GameObject.cpp; sourceTree = "<group>"; };
		72AE75D21DB56E5200CEB998 /* GameObject.hpp */ = {isa = PBXFileReference; fileEncoding = 4; lastKnownFileType = sourcecode.cpp.h; path = GameObject.hpp; sourceTree = "<group>"; };
		72AE75D51DB57C7400CEB998 /* IGameSystem.hpp */ = {isa = PBXFileReference; fileEncoding = 4; lastKnownFileType = sourcecode.cpp.h; path = IGameSystem.hpp; sourceTree = "<group>"; };
		72B491CB1DB6958C0063518A /* GameScene.cpp */ = {isa = PBXFileReference; fileEncoding = 4; lastKnownFileType = sourcecode.cpp.cpp; path = GameScene.cpp; sourceTree = "<group>"; };
		72B491CC1DB6958C0063518A /* GameScene.hpp */ = {isa = PBXFileReference; fileEncoding = 4; lastKnownFileType = sourcecode.cpp.h; path = GameScene.hpp; sourceTree = "<group>"; };
		72B491CE1DB6A9F00063518A /* IGameObject.hpp */ = {isa = PBXFileReference; fileEncoding = 4; lastKnownFileType = sourcecode.cpp.h; path = IGameObject.hpp; sourceTree = "<group>"; };
		72B491D01DBD14D10063518A /* ClangUtil.cpp */ = {isa = PBXFileReference; fileEncoding = 4; lastKnownFileType = sourcecode.cpp.cpp; path = ClangUtil.cpp; sourceTree = "<group>"; };
		72B491D11DBD14D10063518A /* ClangUtil.hpp */ = {isa = PBXFileReference; fileEncoding = 4; lastKnownFileType = sourcecode.cpp.h; path = ClangUtil.hpp; sourceTree = "<group>"; };
		72B491D21DBD14D10063518A /* ScriptClass.cpp */ = {isa = PBXFileReference; fileEncoding = 4; lastKnownFileType = sourcecode.cpp.cpp; path = ScriptClass.cpp; sourceTree = "<group>"; };
		72B491D31DBD14D10063518A /* ScriptClass.hpp */ = {isa = PBXFileReference; fileEncoding = 4; lastKnownFileType = sourcecode.cpp.h; path = ScriptClass.hpp; sourceTree = "<group>"; };
		72B491DA1DBD14D10063518A /* ScriptParser.cpp */ = {isa = PBXFileReference; fileEncoding = 4; lastKnownFileType = sourcecode.cpp.cpp; path = ScriptParser.cpp; sourceTree = "<group>"; };
		72B491DB1DBD14D10063518A /* ScriptParser.hpp */ = {isa = PBXFileReference; fileEncoding = 4; lastKnownFileType = sourcecode.cpp.h; path = ScriptParser.hpp; sourceTree = "<group>"; };
		72B491DC1DBD14D10063518A /* ScriptWorld.cpp */ = {isa = PBXFileReference; fileEncoding = 4; lastKnownFileType = sourcecode.cpp.cpp; path = ScriptWorld.cpp; sourceTree = "<group>"; };
		72B491DD1DBD14D10063518A /* ScriptWorld.hpp */ = {isa = PBXFileReference; fileEncoding = 4; lastKnownFileType = sourcecode.cpp.h; path = ScriptWorld.hpp; sourceTree = "<group>"; };
		72B491E31DBD15A50063518A /* libclang.dylib */ = {isa = PBXFileReference; lastKnownFileType = "compiled.mach-o.dylib"; name = libclang.dylib; path = TestComponentSystem/clang/lib/libclang.dylib; sourceTree = "<group>"; };
		72B491E51DBD35A30063518A /* FileReader.hpp */ = {isa = PBXFileReference; fileEncoding = 4; lastKnownFileType = sourcecode.cpp.h; path = FileReader.hpp; sourceTree = "<group>"; };
		72B491E61DBD35C70063518A /* FileReader.mm */ = {isa = PBXFileReference; fileEncoding = 4; lastKnownFileType = sourcecode.cpp.objcpp; name = FileReader.mm; path = Platform/OSX/FileReader.mm; sourceTree = "<group>"; };
		72B491E81DBD4FAF0063518A /* ScriptTests.cpp */ = {isa = PBXFileReference; fileEncoding = 4; lastKnownFileType = sourcecode.cpp.cpp; path = ScriptTests.cpp; sourceTree = "<group>"; };
		72B491E91DBD4FAF0063518A /* ScriptTests.hpp */ = {isa = PBXFileReference; fileEncoding = 4; lastKnownFileType = sourcecode.cpp.h; path = ScriptTests.hpp; sourceTree = "<group>"; };
		72B491EC1DBD57400063518A /* ScriptTest.cpp */ = {isa = PBXFileReference; fileEncoding = 4; lastKnownFileType = sourcecode.cpp.cpp; path = ScriptTest.cpp; sourceTree = "<group>"; };
/* End PBXFileReference section */

/* Begin PBXFrameworksBuildPhase section */
		72772F5E1D0763FD005AC1D8 /* Frameworks */ = {
			isa = PBXFrameworksBuildPhase;
			buildActionMask = 2147483647;
			files = (
				72B491E41DBD15A50063518A /* libclang.dylib in Frameworks */,
				724E32511D0E141C0007E8CA /* OpenAL.framework in Frameworks */,
				724E324F1D0E14150007E8CA /* OpenGL.framework in Frameworks */,
				724E324D1D0E14100007E8CA /* Cocoa.framework in Frameworks */,
				724E324B1D0E14020007E8CA /* IOKit.framework in Frameworks */,
			);
			runOnlyForDeploymentPostprocessing = 0;
		};
/* End PBXFrameworksBuildPhase section */

/* Begin PBXGroup section */
		724E323D1D0DFB9F0007E8CA /* Tests */ = {
			isa = PBXGroup;
			children = (
				724E323E1D0DFB9F0007E8CA /* LogicTests.cpp */,
				724E323F1D0DFB9F0007E8CA /* LogicTests.hpp */,
				724E32441D0DFB9F0007E8CA /* LogicTest.cpp */,
				724E32451D0DFB9F0007E8CA /* LogicTest.hpp */,
				72B491E81DBD4FAF0063518A /* ScriptTests.cpp */,
				72B491E91DBD4FAF0063518A /* ScriptTests.hpp */,
			);
			path = Tests;
			sourceTree = "<group>";
		};
		72772F581D0763FD005AC1D8 = {
			isa = PBXGroup;
			children = (
				72B491E31DBD15A50063518A /* libclang.dylib */,
				724E32501D0E141C0007E8CA /* OpenAL.framework */,
				724E324E1D0E14150007E8CA /* OpenGL.framework */,
				724E324C1D0E140F0007E8CA /* Cocoa.framework */,
				724E324A1D0E14020007E8CA /* IOKit.framework */,
				72772F6B1D076432005AC1D8 /* Pocket */,
				72772F631D0763FD005AC1D8 /* TestComponentSystem */,
				72772F621D0763FD005AC1D8 /* Products */,
			);
			sourceTree = "<group>";
		};
		72772F621D0763FD005AC1D8 /* Products */ = {
			isa = PBXGroup;
			children = (
				72772F611D0763FD005AC1D8 /* TestComponentSystem */,
			);
			name = Products;
			sourceTree = "<group>";
		};
		72772F631D0763FD005AC1D8 /* TestComponentSystem */ = {
			isa = PBXGroup;
			children = (
				72B491EB1DBD572D0063518A /* Scripts */,
				724E323D1D0DFB9F0007E8CA /* Tests */,
				72772F641D0763FD005AC1D8 /* main.cpp */,
			);
			path = TestComponentSystem;
			sourceTree = "<group>";
		};
		72772F6B1D076432005AC1D8 /* Pocket */ = {
			isa = PBXGroup;
			children = (
				72B491E61DBD35C70063518A /* FileReader.mm */,
				72B491CF1DBD14D10063518A /* Scripting */,
				72AE75A41DB5385A00CEB998 /* NewComponentSystem */,
				72AE758C1DB534A900CEB998 /* OSX */,
				72AE75541DB5340900CEB998 /* Math */,
				72AE753C1DB533DF00CEB998 /* Core */,
				72AE75111DB533A000CEB998 /* Data */,
				72AE75091DB5339000CEB998 /* Serialization */,
			);
			name = Pocket;
			path = ../../Pocket;
			sourceTree = "<group>";
		};
		72AE75091DB5339000CEB998 /* Serialization */ = {
			isa = PBXGroup;
			children = (
				72AE750A1DB5339000CEB998 /* JsonSerializer.hpp */,
				72AE750B1DB5339000CEB998 /* minijson_reader.hpp */,
				72AE750C1DB5339000CEB998 /* minijson_writer.hpp */,
				72AE750D1DB5339000CEB998 /* TypeIndexList.cpp */,
				72AE750E1DB5339000CEB998 /* TypeIndexList.hpp */,
				72AE750F1DB5339000CEB998 /* TypeInfo.hpp */,
			);
			path = Serialization;
			sourceTree = "<group>";
		};
		72AE75111DB533A000CEB998 /* Data */ = {
			isa = PBXGroup;
			children = (
				72B491E51DBD35A30063518A /* FileReader.hpp */,
				72AE75161DB533A000CEB998 /* Bitset.cpp */,
				72AE75171DB533A000CEB998 /* Bitset.hpp */,
				72AE751A1DB533A000CEB998 /* DirtyProperty.hpp */,
				72AE751B1DB533A000CEB998 /* Event.hpp */,
				72AE75281DB533A000CEB998 /* Property.hpp */,
				72AE752D1DB533A000CEB998 /* StringHelper.cpp */,
				72AE752E1DB533A000CEB998 /* StringHelper.hpp */,
			);
			path = Data;
			sourceTree = "<group>";
		};
		72AE753C1DB533DF00CEB998 /* Core */ = {
			isa = PBXGroup;
			children = (
				72AE758B1DB5349700CEB998 /* GamePadManager.hpp */,
				72AE75881DB5348800CEB998 /* InputDevice.cpp */,
				72AE75891DB5348800CEB998 /* InputDevice.hpp */,
				72AE75471DB533DF00CEB998 /* InputManager.cpp */,
				72AE75481DB533DF00CEB998 /* InputManager.hpp */,
			);
			path = Core;
			sourceTree = "<group>";
		};
		72AE75541DB5340900CEB998 /* Math */ = {
			isa = PBXGroup;
			children = (
				72AE75851DB5347000CEB998 /* MathHelper.cpp */,
				72AE75861DB5347000CEB998 /* MathHelper.hpp */,
				72AE75711DB5340900CEB998 /* Vector2.cpp */,
				72AE75721DB5340900CEB998 /* Vector2.hpp */,
			);
			path = Math;
			sourceTree = "<group>";
		};
		72AE758C1DB534A900CEB998 /* OSX */ = {
			isa = PBXGroup;
			children = (
				72AE75941DB534A900CEB998 /* GamePadManager.mm */,
			);
			name = OSX;
			path = Platform/OSX;
			sourceTree = "<group>";
		};
		72AE75A41DB5385A00CEB998 /* NewComponentSystem */ = {
			isa = PBXGroup;
			children = (
				72AE75A91DB552C800CEB998 /* Container.hpp */,
				72AE75C91DB5671B00CEB998 /* GameIdHelper.cpp */,
				72AE75CA1DB5671B00CEB998 /* GameIdHelper.hpp */,
				72AE75D11DB56E5200CEB998 /* GameObject.cpp */,
				72AE75D21DB56E5200CEB998 /* GameObject.hpp */,
				72AE75CC1DB56AF900CEB998 /* GameSystem.cpp */,
				72AE75CD1DB56AF900CEB998 /* GameSystem.hpp */,
				72AE75A51DB5387C00CEB998 /* GameWorld.cpp */,
				72AE75A61DB5387C00CEB998 /* GameWorld.hpp */,
				72AE75D51DB57C7400CEB998 /* IGameSystem.hpp */,
				72AE75CF1DB56C0100CEB998 /* Meta */,
				72B491CB1DB6958C0063518A /* GameScene.cpp */,
				72B491CC1DB6958C0063518A /* GameScene.hpp */,
				72B491CE1DB6A9F00063518A /* IGameObject.hpp */,
			);
			path = NewComponentSystem;
			sourceTree = "<group>";
		};
		72AE75CF1DB56C0100CEB998 /* Meta */ = {
			isa = PBXGroup;
			children = (
				72AE75D01DB56C0100CEB998 /* MetaLibrary.hpp */,
			);
			path = Meta;
			sourceTree = "<group>";
		};
		72B491CF1DBD14D10063518A /* Scripting */ = {
			isa = PBXGroup;
			children = (
				72B491D01DBD14D10063518A /* ClangUtil.cpp */,
				72B491D11DBD14D10063518A /* ClangUtil.hpp */,
				72B491D21DBD14D10063518A /* ScriptClass.cpp */,
				72B491D31DBD14D10063518A /* ScriptClass.hpp */,
				72B491DA1DBD14D10063518A /* ScriptParser.cpp */,
				72B491DB1DBD14D10063518A /* ScriptParser.hpp */,
				72B491DC1DBD14D10063518A /* ScriptWorld.cpp */,
				72B491DD1DBD14D10063518A /* ScriptWorld.hpp */,
			);
			path = Scripting;
			sourceTree = "<group>";
		};
		72B491EB1DBD572D0063518A /* Scripts */ = {
			isa = PBXGroup;
			children = (
				72B491EC1DBD57400063518A /* ScriptTest.cpp */,
			);
			path = Scripts;
			sourceTree = "<group>";
		};
/* End PBXGroup section */

/* Begin PBXNativeTarget section */
		72772F601D0763FD005AC1D8 /* TestComponentSystem */ = {
			isa = PBXNativeTarget;
			buildConfigurationList = 72772F681D0763FD005AC1D8 /* Build configuration list for PBXNativeTarget "TestComponentSystem" */;
			buildPhases = (
				72772F5D1D0763FD005AC1D8 /* Sources */,
				72772F5E1D0763FD005AC1D8 /* Frameworks */,
				72772F5F1D0763FD005AC1D8 /* CopyFiles */,
			);
			buildRules = (
			);
			dependencies = (
			);
			name = TestComponentSystem;
			productName = TestComponentSystem;
			productReference = 72772F611D0763FD005AC1D8 /* TestComponentSystem */;
			productType = "com.apple.product-type.tool";
		};
/* End PBXNativeTarget section */

/* Begin PBXProject section */
		72772F591D0763FD005AC1D8 /* Project object */ = {
			isa = PBXProject;
			attributes = {
				LastUpgradeCheck = 0720;
				ORGANIZATIONNAME = "Jeppe Nielsen";
				TargetAttributes = {
					72772F601D0763FD005AC1D8 = {
						CreatedOnToolsVersion = 7.2;
					};
				};
			};
			buildConfigurationList = 72772F5C1D0763FD005AC1D8 /* Build configuration list for PBXProject "TestComponentSystem" */;
			compatibilityVersion = "Xcode 3.2";
			developmentRegion = English;
			hasScannedForEncodings = 0;
			knownRegions = (
				en,
			);
			mainGroup = 72772F581D0763FD005AC1D8;
			productRefGroup = 72772F621D0763FD005AC1D8 /* Products */;
			projectDirPath = "";
			projectRoot = "";
			targets = (
				72772F601D0763FD005AC1D8 /* TestComponentSystem */,
			);
		};
/* End PBXProject section */

/* Begin PBXSourcesBuildPhase section */
		72772F5D1D0763FD005AC1D8 /* Sources */ = {
			isa = PBXSourcesBuildPhase;
			buildActionMask = 2147483647;
			files = (
				72B491E71DBD35C70063518A /* FileReader.mm in Sources */,
				72AE75CE1DB56AF900CEB998 /* GameSystem.cpp in Sources */,
				724E32491D0DFB9F0007E8CA /* LogicTest.cpp in Sources */,
				72AE75A01DB534A900CEB998 /* GamePadManager.mm in Sources */,
				72B491DF1DBD14D10063518A /* ScriptClass.cpp in Sources */,
				72AE75831DB5340900CEB998 /* Vector2.cpp in Sources */,
				72AE75101DB5339000CEB998 /* TypeIndexList.cpp in Sources */,
				724E32461D0DFB9F0007E8CA /* LogicTests.cpp in Sources */,
				72B491CD1DB6958C0063518A /* GameScene.cpp in Sources */,
				72B491E21DBD14D10063518A /* ScriptWorld.cpp in Sources */,
				72B491ED1DBD57400063518A /* ScriptTest.cpp in Sources */,
				72AE753A1DB533A000CEB998 /* StringHelper.cpp in Sources */,
				72AE75341DB533A000CEB998 /* Bitset.cpp in Sources */,
				72B491EA1DBD4FAF0063518A /* ScriptTests.cpp in Sources */,
				72AE758A1DB5348800CEB998 /* InputDevice.cpp in Sources */,
				72B491E11DBD14D10063518A /* ScriptParser.cpp in Sources */,
				72AE75CB1DB5671B00CEB998 /* GameIdHelper.cpp in Sources */,
				72AE75A71DB5387C00CEB998 /* GameWorld.cpp in Sources */,
				72772F651D0763FD005AC1D8 /* main.cpp in Sources */,
				72AE75511DB533DF00CEB998 /* InputManager.cpp in Sources */,
				72AE75871DB5347000CEB998 /* MathHelper.cpp in Sources */,
				72AE75D31DB56E5200CEB998 /* GameObject.cpp in Sources */,
				72B491DE1DBD14D10063518A /* ClangUtil.cpp in Sources */,
			);
			runOnlyForDeploymentPostprocessing = 0;
		};
/* End PBXSourcesBuildPhase section */

/* Begin XCBuildConfiguration section */
		72772F661D0763FD005AC1D8 /* Debug */ = {
			isa = XCBuildConfiguration;
			buildSettings = {
				ALWAYS_SEARCH_USER_PATHS = NO;
				CLANG_CXX_LANGUAGE_STANDARD = "gnu++0x";
				CLANG_CXX_LIBRARY = "libc++";
				CLANG_ENABLE_MODULES = YES;
				CLANG_ENABLE_OBJC_ARC = YES;
				CLANG_WARN_BOOL_CONVERSION = YES;
				CLANG_WARN_CONSTANT_CONVERSION = YES;
				CLANG_WARN_DIRECT_OBJC_ISA_USAGE = YES_ERROR;
				CLANG_WARN_EMPTY_BODY = YES;
				CLANG_WARN_ENUM_CONVERSION = YES;
				CLANG_WARN_INT_CONVERSION = YES;
				CLANG_WARN_OBJC_ROOT_CLASS = YES_ERROR;
				CLANG_WARN_UNREACHABLE_CODE = YES;
				CLANG_WARN__DUPLICATE_METHOD_MATCH = YES;
				CODE_SIGN_IDENTITY = "-";
				COPY_PHASE_STRIP = NO;
				DEBUG_INFORMATION_FORMAT = dwarf;
				ENABLE_STRICT_OBJC_MSGSEND = YES;
				ENABLE_TESTABILITY = YES;
				GCC_C_LANGUAGE_STANDARD = gnu99;
				GCC_DYNAMIC_NO_PIC = NO;
				GCC_NO_COMMON_BLOCKS = YES;
				GCC_OPTIMIZATION_LEVEL = 0;
				GCC_PREPROCESSOR_DEFINITIONS = (
					"DEBUG=1",
					"$(inherited)",
				);
				GCC_WARN_64_TO_32_BIT_CONVERSION = YES;
				GCC_WARN_ABOUT_RETURN_TYPE = YES_ERROR;
				GCC_WARN_UNDECLARED_SELECTOR = YES;
				GCC_WARN_UNINITIALIZED_AUTOS = YES_AGGRESSIVE;
				GCC_WARN_UNUSED_FUNCTION = YES;
				GCC_WARN_UNUSED_VARIABLE = YES;
				MACOSX_DEPLOYMENT_TARGET = 10.10;
				MTL_ENABLE_DEBUG_INFO = YES;
				ONLY_ACTIVE_ARCH = YES;
				SDKROOT = macosx;
			};
			name = Debug;
		};
		72772F671D0763FD005AC1D8 /* Release */ = {
			isa = XCBuildConfiguration;
			buildSettings = {
				ALWAYS_SEARCH_USER_PATHS = NO;
				CLANG_CXX_LANGUAGE_STANDARD = "gnu++0x";
				CLANG_CXX_LIBRARY = "libc++";
				CLANG_ENABLE_MODULES = YES;
				CLANG_ENABLE_OBJC_ARC = YES;
				CLANG_WARN_BOOL_CONVERSION = YES;
				CLANG_WARN_CONSTANT_CONVERSION = YES;
				CLANG_WARN_DIRECT_OBJC_ISA_USAGE = YES_ERROR;
				CLANG_WARN_EMPTY_BODY = YES;
				CLANG_WARN_ENUM_CONVERSION = YES;
				CLANG_WARN_INT_CONVERSION = YES;
				CLANG_WARN_OBJC_ROOT_CLASS = YES_ERROR;
				CLANG_WARN_UNREACHABLE_CODE = YES;
				CLANG_WARN__DUPLICATE_METHOD_MATCH = YES;
				CODE_SIGN_IDENTITY = "-";
				COPY_PHASE_STRIP = NO;
				DEBUG_INFORMATION_FORMAT = "dwarf-with-dsym";
				ENABLE_NS_ASSERTIONS = NO;
				ENABLE_STRICT_OBJC_MSGSEND = YES;
				GCC_C_LANGUAGE_STANDARD = gnu99;
				GCC_NO_COMMON_BLOCKS = YES;
				GCC_WARN_64_TO_32_BIT_CONVERSION = YES;
				GCC_WARN_ABOUT_RETURN_TYPE = YES_ERROR;
				GCC_WARN_UNDECLARED_SELECTOR = YES;
				GCC_WARN_UNINITIALIZED_AUTOS = YES_AGGRESSIVE;
				GCC_WARN_UNUSED_FUNCTION = YES;
				GCC_WARN_UNUSED_VARIABLE = YES;
				MACOSX_DEPLOYMENT_TARGET = 10.10;
				MTL_ENABLE_DEBUG_INFO = NO;
				SDKROOT = macosx;
			};
			name = Release;
		};
		72772F691D0763FD005AC1D8 /* Debug */ = {
			isa = XCBuildConfiguration;
			buildSettings = {
				CLANG_CXX_LANGUAGE_STANDARD = "gnu++14";
				CLANG_ENABLE_OBJC_ARC = NO;
				GCC_OPTIMIZATION_LEVEL = 0;
				GCC_PREPROCESSOR_DEFINITIONS = (
					"DEBUG=1",
					OSX,
					"$(inherited)",
				);
				HEADER_SEARCH_PATHS = "\"$(SRCROOT)/TestComponentSystem/clang/include\"";
				LIBRARY_SEARCH_PATHS = (
					"$(inherited)",
					"$(PROJECT_DIR)/TestComponentSystem/clang/lib",
				);
				PRODUCT_NAME = "$(TARGET_NAME)";
			};
			name = Debug;
		};
		72772F6A1D0763FD005AC1D8 /* Release */ = {
			isa = XCBuildConfiguration;
			buildSettings = {
				CLANG_CXX_LANGUAGE_STANDARD = "gnu++14";
				CLANG_ENABLE_OBJC_ARC = NO;
				GCC_PREPROCESSOR_DEFINITIONS = OSX;
				HEADER_SEARCH_PATHS = "\"$(SRCROOT)/TestComponentSystem/clang/include\"";
				LIBRARY_SEARCH_PATHS = (
					"$(inherited)",
					"$(PROJECT_DIR)/TestComponentSystem/clang/lib",
				);
				PRODUCT_NAME = "$(TARGET_NAME)";
			};
			name = Release;
		};
/* End XCBuildConfiguration section */

/* Begin XCConfigurationList section */
		72772F5C1D0763FD005AC1D8 /* Build configuration list for PBXProject "TestComponentSystem" */ = {
			isa = XCConfigurationList;
			buildConfigurations = (
				72772F661D0763FD005AC1D8 /* Debug */,
				72772F671D0763FD005AC1D8 /* Release */,
			);
			defaultConfigurationIsVisible = 0;
			defaultConfigurationName = Release;
		};
		72772F681D0763FD005AC1D8 /* Build configuration list for PBXNativeTarget "TestComponentSystem" */ = {
			isa = XCConfigurationList;
			buildConfigurations = (
				72772F691D0763FD005AC1D8 /* Debug */,
				72772F6A1D0763FD005AC1D8 /* Release */,
			);
			defaultConfigurationIsVisible = 0;
			defaultConfigurationName = Release;
		};
/* End XCConfigurationList section */
	};
	rootObject = 72772F591D0763FD005AC1D8 /* Project object */;
}
