// !$*UTF8*$!
{
	archiveVersion = 1;
	classes = {
	};
	objectVersion = 46;
	objects = {

/* Begin PBXBuildFile section */
		7201D7E71ED313510074C053 /* FileWorld.cpp in Sources */ = {isa = PBXBuildFile; fileRef = 7201D2E71ED3134F0074C053 /* FileWorld.cpp */; };
		7201D7E81ED313510074C053 /* GameIDHelper.cpp in Sources */ = {isa = PBXBuildFile; fileRef = 7201D2E91ED3134F0074C053 /* GameIDHelper.cpp */; };
		7201D7E91ED313510074C053 /* GameObject.cpp in Sources */ = {isa = PBXBuildFile; fileRef = 7201D2EB1ED3134F0074C053 /* GameObject.cpp */; };
		7201D7EA1ED313510074C053 /* GameObjectHandle.cpp in Sources */ = {isa = PBXBuildFile; fileRef = 7201D2ED1ED3134F0074C053 /* GameObjectHandle.cpp */; };
		7201D7EB1ED313510074C053 /* GameScene.cpp in Sources */ = {isa = PBXBuildFile; fileRef = 7201D2EF1ED3134F0074C053 /* GameScene.cpp */; };
		7201D7EC1ED313510074C053 /* GameSystem.cpp in Sources */ = {isa = PBXBuildFile; fileRef = 7201D2F11ED3134F0074C053 /* GameSystem.cpp */; };
		7201D7ED1ED313510074C053 /* GameWorld.cpp in Sources */ = {isa = PBXBuildFile; fileRef = 7201D2F31ED3134F0074C053 /* GameWorld.cpp */; };
		7201D7EE1ED313510074C053 /* Engine.cpp in Sources */ = {isa = PBXBuildFile; fileRef = 7201D2FB1ED3134F0074C053 /* Engine.cpp */; };
		7201D7EF1ED313510074C053 /* EngineContext.cpp in Sources */ = {isa = PBXBuildFile; fileRef = 7201D2FD1ED3134F0074C053 /* EngineContext.cpp */; };
		7201D7F01ED313510074C053 /* GameState.cpp in Sources */ = {isa = PBXBuildFile; fileRef = 7201D3001ED3134F0074C053 /* GameState.cpp */; };
		7201D7F11ED313510074C053 /* InputDevice.cpp in Sources */ = {isa = PBXBuildFile; fileRef = 7201D3021ED3134F0074C053 /* InputDevice.cpp */; };
		7201D7F21ED313510074C053 /* InputManager.cpp in Sources */ = {isa = PBXBuildFile; fileRef = 7201D3041ED3134F0074C053 /* InputManager.cpp */; };
		7201D7F31ED313510074C053 /* Timer.cpp in Sources */ = {isa = PBXBuildFile; fileRef = 7201D3061ED3134F0074C053 /* Timer.cpp */; };
		7201D7F41ED313510074C053 /* Window.cpp in Sources */ = {isa = PBXBuildFile; fileRef = 7201D3081ED3134F0074C053 /* Window.cpp */; };
		7201D7F51ED313510074C053 /* BezierCurve1.cpp in Sources */ = {isa = PBXBuildFile; fileRef = 7201D30B1ED3134F0074C053 /* BezierCurve1.cpp */; };
		7201D7F61ED313510074C053 /* BezierCurve3.cpp in Sources */ = {isa = PBXBuildFile; fileRef = 7201D30D1ED3134F0074C053 /* BezierCurve3.cpp */; };
		7201D7F71ED313510074C053 /* Bitset.cpp in Sources */ = {isa = PBXBuildFile; fileRef = 7201D30F1ED3134F0074C053 /* Bitset.cpp */; };
		7201D7F91ED313510074C053 /* FileHelper.cpp in Sources */ = {isa = PBXBuildFile; fileRef = 7201D3181ED3134F0074C053 /* FileHelper.cpp */; };
		7201D7FA1ED313510074C053 /* Guid.cpp in Sources */ = {isa = PBXBuildFile; fileRef = 7201D31C1ED3134F0074C053 /* Guid.cpp */; };
		7201D7FB1ED313510074C053 /* ICellItem.cpp in Sources */ = {isa = PBXBuildFile; fileRef = 7201D31E1ED3134F0074C053 /* ICellItem.cpp */; };
		7201D7FC1ED313510074C053 /* Octree.cpp in Sources */ = {isa = PBXBuildFile; fileRef = 7201D3221ED3134F0074C053 /* Octree.cpp */; };
		7201D7FD1ED313510074C053 /* Pointer.cpp in Sources */ = {isa = PBXBuildFile; fileRef = 7201D3241ED3134F0074C053 /* Pointer.cpp */; };
		7201D7FE1ED313510074C053 /* QuadTree.cpp in Sources */ = {isa = PBXBuildFile; fileRef = 7201D3281ED3134F0074C053 /* QuadTree.cpp */; };
		7201D7FF1ED313510074C053 /* StringHelper.cpp in Sources */ = {isa = PBXBuildFile; fileRef = 7201D32B1ED3134F0074C053 /* StringHelper.cpp */; };
		7201D8001ED313510074C053 /* Triangulator.cpp in Sources */ = {isa = PBXBuildFile; fileRef = 7201D32E1ED3134F0074C053 /* Triangulator.cpp */; };
		7201D8011ED313510074C053 /* Worker.cpp in Sources */ = {isa = PBXBuildFile; fileRef = 7201D3301ED3134F0074C053 /* Worker.cpp */; };
		7201D8021ED313510074C053 /* TimeMeasurer.cpp in Sources */ = {isa = PBXBuildFile; fileRef = 7201D3341ED3134F0074C053 /* TimeMeasurer.cpp */; };
		7201D8031ED313510074C053 /* UnitTest.cpp in Sources */ = {isa = PBXBuildFile; fileRef = 7201D3361ED3134F0074C053 /* UnitTest.cpp */; };
		7201D8CB1ED313510074C053 /* BoundingBox.cpp in Sources */ = {isa = PBXBuildFile; fileRef = 7201D5491ED313500074C053 /* BoundingBox.cpp */; };
		7201D8CC1ED313510074C053 /* BoundingFrustum.cpp in Sources */ = {isa = PBXBuildFile; fileRef = 7201D54B1ED313500074C053 /* BoundingFrustum.cpp */; };
		7201D8CD1ED313510074C053 /* Box.cpp in Sources */ = {isa = PBXBuildFile; fileRef = 7201D54D1ED313500074C053 /* Box.cpp */; };
		7201D8CE1ED313510074C053 /* Interpolator.cpp in Sources */ = {isa = PBXBuildFile; fileRef = 7201D54F1ED313500074C053 /* Interpolator.cpp */; };
		7201D8CF1ED313510074C053 /* MathHelper.cpp in Sources */ = {isa = PBXBuildFile; fileRef = 7201D5511ED313500074C053 /* MathHelper.cpp */; };
		7201D8D01ED313510074C053 /* Matrix3x3.cpp in Sources */ = {isa = PBXBuildFile; fileRef = 7201D5531ED313500074C053 /* Matrix3x3.cpp */; };
		7201D8D11ED313510074C053 /* Matrix4x4.cpp in Sources */ = {isa = PBXBuildFile; fileRef = 7201D5551ED313500074C053 /* Matrix4x4.cpp */; };
		7201D8D21ED313510074C053 /* Plane.cpp in Sources */ = {isa = PBXBuildFile; fileRef = 7201D5571ED313500074C053 /* Plane.cpp */; };
		7201D8D31ED313510074C053 /* Point.cpp in Sources */ = {isa = PBXBuildFile; fileRef = 7201D5591ED313500074C053 /* Point.cpp */; };
		7201D8D41ED313510074C053 /* Point3.cpp in Sources */ = {isa = PBXBuildFile; fileRef = 7201D55B1ED313500074C053 /* Point3.cpp */; };
		7201D8D51ED313510074C053 /* Quaternion.cpp in Sources */ = {isa = PBXBuildFile; fileRef = 7201D55D1ED313500074C053 /* Quaternion.cpp */; };
		7201D8D61ED313510074C053 /* Ray.cpp in Sources */ = {isa = PBXBuildFile; fileRef = 7201D55F1ED313500074C053 /* Ray.cpp */; };
		7201D8D71ED313510074C053 /* Rect.cpp in Sources */ = {isa = PBXBuildFile; fileRef = 7201D5611ED313500074C053 /* Rect.cpp */; };
		7201D8D81ED313510074C053 /* TransitionHelper.cpp in Sources */ = {isa = PBXBuildFile; fileRef = 7201D5631ED313500074C053 /* TransitionHelper.cpp */; };
		7201D8D91ED313510074C053 /* Vector2.cpp in Sources */ = {isa = PBXBuildFile; fileRef = 7201D5651ED313500074C053 /* Vector2.cpp */; };
		7201D8DA1ED313510074C053 /* Vector3.cpp in Sources */ = {isa = PBXBuildFile; fileRef = 7201D5671ED313500074C053 /* Vector3.cpp */; };
		7201D8DB1ED313510074C053 /* ChromecastMessage.cpp in Sources */ = {isa = PBXBuildFile; fileRef = 7201D56D1ED313500074C053 /* ChromecastMessage.cpp */; };
		7201D8DC1ED313510074C053 /* ChromecastReceiver.cpp in Sources */ = {isa = PBXBuildFile; fileRef = 7201D56F1ED313500074C053 /* ChromecastReceiver.cpp */; };
		7201D8DD1ED313510074C053 /* ChromecastUser.cpp in Sources */ = {isa = PBXBuildFile; fileRef = 7201D5711ED313500074C053 /* ChromecastUser.cpp */; };
		7201D8DE1ED313510074C053 /* clipper.cpp in Sources */ = {isa = PBXBuildFile; fileRef = 7201D5741ED313500074C053 /* clipper.cpp */; };
		7201D8DF1ED313510074C053 /* triangle.c in Sources */ = {isa = PBXBuildFile; fileRef = 7201D5771ED313500074C053 /* triangle.c */; };
		7201D8E01ED313510074C053 /* RectPacker.cpp in Sources */ = {isa = PBXBuildFile; fileRef = 7201D57A1ED313500074C053 /* RectPacker.cpp */; };
		7201D9A81ED313520074C053 /* AppDelegate.mm in Sources */ = {isa = PBXBuildFile; fileRef = 7201D7941ED313500074C053 /* AppDelegate.mm */; };
		7201D9A91ED313520074C053 /* AppMenu.mm in Sources */ = {isa = PBXBuildFile; fileRef = 7201D7951ED313500074C053 /* AppMenu.mm */; };
		7201D9AC1ED313520074C053 /* FileReader.mm in Sources */ = {isa = PBXBuildFile; fileRef = 7201D7991ED313500074C053 /* FileReader.mm */; };
		7201D9AD1ED313520074C053 /* FileSystemWatcher.cpp in Sources */ = {isa = PBXBuildFile; fileRef = 7201D79A1ED313500074C053 /* FileSystemWatcher.cpp */; };
		7201D9AE1ED313520074C053 /* GamePadManager.mm in Sources */ = {isa = PBXBuildFile; fileRef = 7201D79B1ED313500074C053 /* GamePadManager.mm */; };
		7201D9AF1ED313520074C053 /* OSXView.mm in Sources */ = {isa = PBXBuildFile; fileRef = 7201D79D1ED313500074C053 /* OSXView.mm */; };
		7201D9B01ED313520074C053 /* OSXWindowCreator.mm in Sources */ = {isa = PBXBuildFile; fileRef = 7201D79F1ED313500074C053 /* OSXWindowCreator.mm */; };
		7201D9B11ED313520074C053 /* WindowOSX.mm in Sources */ = {isa = PBXBuildFile; fileRef = 7201D7A11ED313500074C053 /* WindowOSX.mm */; };
		7201D9B71ED313520074C053 /* Profiler.cpp in Sources */ = {isa = PBXBuildFile; fileRef = 7201D7AA1ED313500074C053 /* Profiler.cpp */; };
		7201D9C11ED313520074C053 /* ScriptData.cpp in Sources */ = {isa = PBXBuildFile; fileRef = 7201D7C31ED313510074C053 /* ScriptData.cpp */; };
		7201D9C31ED313520074C053 /* ScriptWorld.cpp in Sources */ = {isa = PBXBuildFile; fileRef = 7201D7CB1ED313510074C053 /* ScriptWorld.cpp */; };
		7201D9C41ED313520074C053 /* TypeIndexList.cpp in Sources */ = {isa = PBXBuildFile; fileRef = 7201D7D21ED313510074C053 /* TypeIndexList.cpp */; };
		7227450F1F16A492009B0528 /* testInitializer.cpp in Sources */ = {isa = PBXBuildFile; fileRef = 7227450D1F16A492009B0528 /* testInitializer.cpp */; };
		724E32461D0DFB9F0007E8CA /* LogicTests.cpp in Sources */ = {isa = PBXBuildFile; fileRef = 724E323E1D0DFB9F0007E8CA /* LogicTests.cpp */; };
		724E32491D0DFB9F0007E8CA /* LogicTest.cpp in Sources */ = {isa = PBXBuildFile; fileRef = 724E32441D0DFB9F0007E8CA /* LogicTest.cpp */; };
		724E324B1D0E14020007E8CA /* IOKit.framework in Frameworks */ = {isa = PBXBuildFile; fileRef = 724E324A1D0E14020007E8CA /* IOKit.framework */; };
		724E324D1D0E14100007E8CA /* Cocoa.framework in Frameworks */ = {isa = PBXBuildFile; fileRef = 724E324C1D0E140F0007E8CA /* Cocoa.framework */; };
		724E324F1D0E14150007E8CA /* OpenGL.framework in Frameworks */ = {isa = PBXBuildFile; fileRef = 724E324E1D0E14150007E8CA /* OpenGL.framework */; };
		724E32511D0E141C0007E8CA /* OpenAL.framework in Frameworks */ = {isa = PBXBuildFile; fileRef = 724E32501D0E141C0007E8CA /* OpenAL.framework */; };
		72772F651D0763FD005AC1D8 /* main.cpp in Sources */ = {isa = PBXBuildFile; fileRef = 72772F641D0763FD005AC1D8 /* main.cpp */; };
		72AA3C0D1FFC339600CD6088 /* SerializationTests.cpp in Sources */ = {isa = PBXBuildFile; fileRef = 72AA3C0C1FFC339600CD6088 /* SerializationTests.cpp */; };
		72AA3C122000187900CD6088 /* Hierarchy.cpp in Sources */ = {isa = PBXBuildFile; fileRef = 72AA3C102000187900CD6088 /* Hierarchy.cpp */; };
		72AA3C192013E3FA00CD6088 /* ScriptTest.cpp in Sources */ = {isa = PBXBuildFile; fileRef = 72AA3C172013E3FA00CD6088 /* ScriptTest.cpp */; };
		72B3AD8B1EE5FD2F000A6258 /* ScriptTests.cpp in Sources */ = {isa = PBXBuildFile; fileRef = 72B3AD891EE5FD2F000A6258 /* ScriptTests.cpp */; };
		72B491E41DBD15A50063518A /* libclang.dylib in Frameworks */ = {isa = PBXBuildFile; fileRef = 72B491E31DBD15A50063518A /* libclang.dylib */; };
		72CC61141FF6E8730066B1F9 /* GameStorage.cpp in Sources */ = {isa = PBXBuildFile; fileRef = 72CC61121FF6E8730066B1F9 /* GameStorage.cpp */; };
		72CC61171FF6FC220066B1F9 /* GameObjectJsonSerializer.cpp in Sources */ = {isa = PBXBuildFile; fileRef = 72CC61151FF6FC220066B1F9 /* GameObjectJsonSerializer.cpp */; };
		72CC611A1FF7003D0066B1F9 /* GameObjectSerializer.cpp in Sources */ = {isa = PBXBuildFile; fileRef = 72CC61181FF7003D0066B1F9 /* GameObjectSerializer.cpp */; };
		72FBB0721F0ED9500036AC7A /* Colour.cpp in Sources */ = {isa = PBXBuildFile; fileRef = 72FBB05E1F0ED9500036AC7A /* Colour.cpp */; };
		72FBB07C1F0EDA1A0036AC7A /* serializeTemplateTypes.cpp in Sources */ = {isa = PBXBuildFile; fileRef = 72FBB07B1F0EDA1A0036AC7A /* serializeTemplateTypes.cpp */; };
		72FBB07E1F12BE5F0036AC7A /* testConstexpr.cpp in Sources */ = {isa = PBXBuildFile; fileRef = 72FBB07D1F12BE5F0036AC7A /* testConstexpr.cpp */; };
/* End PBXBuildFile section */

/* Begin PBXCopyFilesBuildPhase section */
		72772F5F1D0763FD005AC1D8 /* CopyFiles */ = {
			isa = PBXCopyFilesBuildPhase;
			buildActionMask = 2147483647;
			dstPath = /usr/share/man/man1/;
			dstSubfolderSpec = 0;
			files = (
			);
			runOnlyForDeploymentPostprocessing = 1;
		};
/* End PBXCopyFilesBuildPhase section */

/* Begin PBXFileReference section */
		7201D2E61ED3134F0074C053 /* Container.hpp */ = {isa = PBXFileReference; fileEncoding = 4; lastKnownFileType = sourcecode.cpp.h; path = Container.hpp; sourceTree = "<group>"; };
		7201D2E71ED3134F0074C053 /* FileWorld.cpp */ = {isa = PBXFileReference; fileEncoding = 4; lastKnownFileType = sourcecode.cpp.cpp; path = FileWorld.cpp; sourceTree = "<group>"; };
		7201D2E81ED3134F0074C053 /* FileWorld.hpp */ = {isa = PBXFileReference; fileEncoding = 4; lastKnownFileType = sourcecode.cpp.h; path = FileWorld.hpp; sourceTree = "<group>"; };
		7201D2E91ED3134F0074C053 /* GameIDHelper.cpp */ = {isa = PBXFileReference; fileEncoding = 4; lastKnownFileType = sourcecode.cpp.cpp; path = GameIDHelper.cpp; sourceTree = "<group>"; };
		7201D2EA1ED3134F0074C053 /* GameIDHelper.hpp */ = {isa = PBXFileReference; fileEncoding = 4; lastKnownFileType = sourcecode.cpp.h; path = GameIDHelper.hpp; sourceTree = "<group>"; };
		7201D2EB1ED3134F0074C053 /* GameObject.cpp */ = {isa = PBXFileReference; fileEncoding = 4; lastKnownFileType = sourcecode.cpp.cpp; path = GameObject.cpp; sourceTree = "<group>"; };
		7201D2EC1ED3134F0074C053 /* GameObject.hpp */ = {isa = PBXFileReference; fileEncoding = 4; lastKnownFileType = sourcecode.cpp.h; path = GameObject.hpp; sourceTree = "<group>"; };
		7201D2ED1ED3134F0074C053 /* GameObjectHandle.cpp */ = {isa = PBXFileReference; fileEncoding = 4; lastKnownFileType = sourcecode.cpp.cpp; path = GameObjectHandle.cpp; sourceTree = "<group>"; };
		7201D2EE1ED3134F0074C053 /* GameObjectHandle.hpp */ = {isa = PBXFileReference; fileEncoding = 4; lastKnownFileType = sourcecode.cpp.h; path = GameObjectHandle.hpp; sourceTree = "<group>"; };
		7201D2EF1ED3134F0074C053 /* GameScene.cpp */ = {isa = PBXFileReference; fileEncoding = 4; lastKnownFileType = sourcecode.cpp.cpp; path = GameScene.cpp; sourceTree = "<group>"; };
		7201D2F01ED3134F0074C053 /* GameScene.hpp */ = {isa = PBXFileReference; fileEncoding = 4; lastKnownFileType = sourcecode.cpp.h; path = GameScene.hpp; sourceTree = "<group>"; };
		7201D2F11ED3134F0074C053 /* GameSystem.cpp */ = {isa = PBXFileReference; fileEncoding = 4; lastKnownFileType = sourcecode.cpp.cpp; path = GameSystem.cpp; sourceTree = "<group>"; };
		7201D2F21ED3134F0074C053 /* GameSystem.hpp */ = {isa = PBXFileReference; fileEncoding = 4; lastKnownFileType = sourcecode.cpp.h; path = GameSystem.hpp; sourceTree = "<group>"; };
		7201D2F31ED3134F0074C053 /* GameWorld.cpp */ = {isa = PBXFileReference; fileEncoding = 4; lastKnownFileType = sourcecode.cpp.cpp; path = GameWorld.cpp; sourceTree = "<group>"; };
		7201D2F41ED3134F0074C053 /* GameWorld.hpp */ = {isa = PBXFileReference; fileEncoding = 4; lastKnownFileType = sourcecode.cpp.h; path = GameWorld.hpp; sourceTree = "<group>"; };
		7201D2F51ED3134F0074C053 /* IGameObject.hpp */ = {isa = PBXFileReference; fileEncoding = 4; lastKnownFileType = sourcecode.cpp.h; path = IGameObject.hpp; sourceTree = "<group>"; };
		7201D2F61ED3134F0074C053 /* IGameSystem.hpp */ = {isa = PBXFileReference; fileEncoding = 4; lastKnownFileType = sourcecode.cpp.h; path = IGameSystem.hpp; sourceTree = "<group>"; };
		7201D2F81ED3134F0074C053 /* MetaLibrary.hpp */ = {isa = PBXFileReference; fileEncoding = 4; lastKnownFileType = sourcecode.cpp.h; path = MetaLibrary.hpp; sourceTree = "<group>"; };
		7201D2FA1ED3134F0074C053 /* AppMenu.hpp */ = {isa = PBXFileReference; fileEncoding = 4; lastKnownFileType = sourcecode.cpp.h; path = AppMenu.hpp; sourceTree = "<group>"; };
		7201D2FB1ED3134F0074C053 /* Engine.cpp */ = {isa = PBXFileReference; fileEncoding = 4; lastKnownFileType = sourcecode.cpp.cpp; path = Engine.cpp; sourceTree = "<group>"; };
		7201D2FC1ED3134F0074C053 /* Engine.hpp */ = {isa = PBXFileReference; fileEncoding = 4; lastKnownFileType = sourcecode.cpp.h; path = Engine.hpp; sourceTree = "<group>"; };
		7201D2FD1ED3134F0074C053 /* EngineContext.cpp */ = {isa = PBXFileReference; fileEncoding = 4; lastKnownFileType = sourcecode.cpp.cpp; path = EngineContext.cpp; sourceTree = "<group>"; };
		7201D2FE1ED3134F0074C053 /* EngineContext.hpp */ = {isa = PBXFileReference; fileEncoding = 4; lastKnownFileType = sourcecode.cpp.h; path = EngineContext.hpp; sourceTree = "<group>"; };
		7201D2FF1ED3134F0074C053 /* GamePadManager.hpp */ = {isa = PBXFileReference; fileEncoding = 4; lastKnownFileType = sourcecode.cpp.h; path = GamePadManager.hpp; sourceTree = "<group>"; };
		7201D3001ED3134F0074C053 /* GameState.cpp */ = {isa = PBXFileReference; fileEncoding = 4; lastKnownFileType = sourcecode.cpp.cpp; path = GameState.cpp; sourceTree = "<group>"; };
		7201D3011ED3134F0074C053 /* GameState.hpp */ = {isa = PBXFileReference; fileEncoding = 4; lastKnownFileType = sourcecode.cpp.h; path = GameState.hpp; sourceTree = "<group>"; };
		7201D3021ED3134F0074C053 /* InputDevice.cpp */ = {isa = PBXFileReference; fileEncoding = 4; lastKnownFileType = sourcecode.cpp.cpp; path = InputDevice.cpp; sourceTree = "<group>"; };
		7201D3031ED3134F0074C053 /* InputDevice.hpp */ = {isa = PBXFileReference; fileEncoding = 4; lastKnownFileType = sourcecode.cpp.h; path = InputDevice.hpp; sourceTree = "<group>"; };
		7201D3041ED3134F0074C053 /* InputManager.cpp */ = {isa = PBXFileReference; fileEncoding = 4; lastKnownFileType = sourcecode.cpp.cpp; path = InputManager.cpp; sourceTree = "<group>"; };
		7201D3051ED3134F0074C053 /* InputManager.hpp */ = {isa = PBXFileReference; fileEncoding = 4; lastKnownFileType = sourcecode.cpp.h; path = InputManager.hpp; sourceTree = "<group>"; };
		7201D3061ED3134F0074C053 /* Timer.cpp */ = {isa = PBXFileReference; fileEncoding = 4; lastKnownFileType = sourcecode.cpp.cpp; path = Timer.cpp; sourceTree = "<group>"; };
		7201D3071ED3134F0074C053 /* Timer.hpp */ = {isa = PBXFileReference; fileEncoding = 4; lastKnownFileType = sourcecode.cpp.h; path = Timer.hpp; sourceTree = "<group>"; };
		7201D3081ED3134F0074C053 /* Window.cpp */ = {isa = PBXFileReference; fileEncoding = 4; lastKnownFileType = sourcecode.cpp.cpp; path = Window.cpp; sourceTree = "<group>"; };
		7201D3091ED3134F0074C053 /* Window.hpp */ = {isa = PBXFileReference; fileEncoding = 4; lastKnownFileType = sourcecode.cpp.h; path = Window.hpp; sourceTree = "<group>"; };
		7201D30B1ED3134F0074C053 /* BezierCurve1.cpp */ = {isa = PBXFileReference; fileEncoding = 4; lastKnownFileType = sourcecode.cpp.cpp; path = BezierCurve1.cpp; sourceTree = "<group>"; };
		7201D30C1ED3134F0074C053 /* BezierCurve1.hpp */ = {isa = PBXFileReference; fileEncoding = 4; lastKnownFileType = sourcecode.cpp.h; path = BezierCurve1.hpp; sourceTree = "<group>"; };
		7201D30D1ED3134F0074C053 /* BezierCurve3.cpp */ = {isa = PBXFileReference; fileEncoding = 4; lastKnownFileType = sourcecode.cpp.cpp; path = BezierCurve3.cpp; sourceTree = "<group>"; };
		7201D30E1ED3134F0074C053 /* BezierCurve3.hpp */ = {isa = PBXFileReference; fileEncoding = 4; lastKnownFileType = sourcecode.cpp.h; path = BezierCurve3.hpp; sourceTree = "<group>"; };
		7201D30F1ED3134F0074C053 /* Bitset.cpp */ = {isa = PBXFileReference; fileEncoding = 4; lastKnownFileType = sourcecode.cpp.cpp; path = Bitset.cpp; sourceTree = "<group>"; };
		7201D3101ED3134F0074C053 /* Bitset.hpp */ = {isa = PBXFileReference; fileEncoding = 4; lastKnownFileType = sourcecode.cpp.h; path = Bitset.hpp; sourceTree = "<group>"; };
		7201D3111ED3134F0074C053 /* CellGrid.hpp */ = {isa = PBXFileReference; fileEncoding = 4; lastKnownFileType = sourcecode.cpp.h; path = CellGrid.hpp; sourceTree = "<group>"; };
		7201D3121ED3134F0074C053 /* Collection.hpp */ = {isa = PBXFileReference; fileEncoding = 4; lastKnownFileType = sourcecode.cpp.h; path = Collection.hpp; sourceTree = "<group>"; };
		7201D3131ED3134F0074C053 /* DirtyProperty.hpp */ = {isa = PBXFileReference; fileEncoding = 4; lastKnownFileType = sourcecode.cpp.h; path = DirtyProperty.hpp; sourceTree = "<group>"; };
		7201D3141ED3134F0074C053 /* Event.hpp */ = {isa = PBXFileReference; fileEncoding = 4; lastKnownFileType = sourcecode.cpp.h; path = Event.hpp; sourceTree = "<group>"; };
		7201D3181ED3134F0074C053 /* FileHelper.cpp */ = {isa = PBXFileReference; fileEncoding = 4; lastKnownFileType = sourcecode.cpp.cpp; path = FileHelper.cpp; sourceTree = "<group>"; };
		7201D3191ED3134F0074C053 /* FileHelper.hpp */ = {isa = PBXFileReference; fileEncoding = 4; lastKnownFileType = sourcecode.cpp.h; path = FileHelper.hpp; sourceTree = "<group>"; };
		7201D31A1ED3134F0074C053 /* FileReader.hpp */ = {isa = PBXFileReference; fileEncoding = 4; lastKnownFileType = sourcecode.cpp.h; path = FileReader.hpp; sourceTree = "<group>"; };
		7201D31B1ED3134F0074C053 /* FileSystemWatcher.hpp */ = {isa = PBXFileReference; fileEncoding = 4; lastKnownFileType = sourcecode.cpp.h; path = FileSystemWatcher.hpp; sourceTree = "<group>"; };
		7201D31C1ED3134F0074C053 /* Guid.cpp */ = {isa = PBXFileReference; fileEncoding = 4; lastKnownFileType = sourcecode.cpp.cpp; path = Guid.cpp; sourceTree = "<group>"; };
		7201D31D1ED3134F0074C053 /* Guid.hpp */ = {isa = PBXFileReference; fileEncoding = 4; lastKnownFileType = sourcecode.cpp.h; path = Guid.hpp; sourceTree = "<group>"; };
		7201D31E1ED3134F0074C053 /* ICellItem.cpp */ = {isa = PBXFileReference; fileEncoding = 4; lastKnownFileType = sourcecode.cpp.cpp; path = ICellItem.cpp; sourceTree = "<group>"; };
		7201D31F1ED3134F0074C053 /* ICellItem.hpp */ = {isa = PBXFileReference; fileEncoding = 4; lastKnownFileType = sourcecode.cpp.h; path = ICellItem.hpp; sourceTree = "<group>"; };
		7201D3201ED3134F0074C053 /* IPointable.hpp */ = {isa = PBXFileReference; fileEncoding = 4; lastKnownFileType = sourcecode.cpp.h; path = IPointable.hpp; sourceTree = "<group>"; };
		7201D3211ED3134F0074C053 /* NodeLine.hpp */ = {isa = PBXFileReference; fileEncoding = 4; lastKnownFileType = sourcecode.cpp.h; path = NodeLine.hpp; sourceTree = "<group>"; };
		7201D3221ED3134F0074C053 /* Octree.cpp */ = {isa = PBXFileReference; fileEncoding = 4; lastKnownFileType = sourcecode.cpp.cpp; path = Octree.cpp; sourceTree = "<group>"; };
		7201D3231ED3134F0074C053 /* Octree.hpp */ = {isa = PBXFileReference; fileEncoding = 4; lastKnownFileType = sourcecode.cpp.h; path = Octree.hpp; sourceTree = "<group>"; };
		7201D3241ED3134F0074C053 /* Pointer.cpp */ = {isa = PBXFileReference; fileEncoding = 4; lastKnownFileType = sourcecode.cpp.cpp; path = Pointer.cpp; sourceTree = "<group>"; };
		7201D3251ED3134F0074C053 /* Pointer.hpp */ = {isa = PBXFileReference; fileEncoding = 4; lastKnownFileType = sourcecode.cpp.h; path = Pointer.hpp; sourceTree = "<group>"; };
		7201D3261ED3134F0074C053 /* Property.hpp */ = {isa = PBXFileReference; fileEncoding = 4; lastKnownFileType = sourcecode.cpp.h; path = Property.hpp; sourceTree = "<group>"; };
		7201D3271ED3134F0074C053 /* PropertyListener.hpp */ = {isa = PBXFileReference; fileEncoding = 4; lastKnownFileType = sourcecode.cpp.h; path = PropertyListener.hpp; sourceTree = "<group>"; };
		7201D3281ED3134F0074C053 /* QuadTree.cpp */ = {isa = PBXFileReference; fileEncoding = 4; lastKnownFileType = sourcecode.cpp.cpp; path = QuadTree.cpp; sourceTree = "<group>"; };
		7201D3291ED3134F0074C053 /* QuadTree.hpp */ = {isa = PBXFileReference; fileEncoding = 4; lastKnownFileType = sourcecode.cpp.h; path = QuadTree.hpp; sourceTree = "<group>"; };
		7201D32A1ED3134F0074C053 /* Span.hpp */ = {isa = PBXFileReference; fileEncoding = 4; lastKnownFileType = sourcecode.cpp.h; path = Span.hpp; sourceTree = "<group>"; };
		7201D32B1ED3134F0074C053 /* StringHelper.cpp */ = {isa = PBXFileReference; fileEncoding = 4; lastKnownFileType = sourcecode.cpp.cpp; path = StringHelper.cpp; sourceTree = "<group>"; };
		7201D32C1ED3134F0074C053 /* StringHelper.hpp */ = {isa = PBXFileReference; fileEncoding = 4; lastKnownFileType = sourcecode.cpp.h; path = StringHelper.hpp; sourceTree = "<group>"; };
		7201D32D1ED3134F0074C053 /* Timeline.hpp */ = {isa = PBXFileReference; fileEncoding = 4; lastKnownFileType = sourcecode.cpp.h; path = Timeline.hpp; sourceTree = "<group>"; };
		7201D32E1ED3134F0074C053 /* Triangulator.cpp */ = {isa = PBXFileReference; fileEncoding = 4; lastKnownFileType = sourcecode.cpp.cpp; path = Triangulator.cpp; sourceTree = "<group>"; };
		7201D32F1ED3134F0074C053 /* Triangulator.hpp */ = {isa = PBXFileReference; fileEncoding = 4; lastKnownFileType = sourcecode.cpp.h; path = Triangulator.hpp; sourceTree = "<group>"; };
		7201D3301ED3134F0074C053 /* Worker.cpp */ = {isa = PBXFileReference; fileEncoding = 4; lastKnownFileType = sourcecode.cpp.cpp; path = Worker.cpp; sourceTree = "<group>"; };
		7201D3311ED3134F0074C053 /* Worker.hpp */ = {isa = PBXFileReference; fileEncoding = 4; lastKnownFileType = sourcecode.cpp.h; path = Worker.hpp; sourceTree = "<group>"; };
		7201D3331ED3134F0074C053 /* Assert.hpp */ = {isa = PBXFileReference; fileEncoding = 4; lastKnownFileType = sourcecode.cpp.h; path = Assert.hpp; sourceTree = "<group>"; };
		7201D3341ED3134F0074C053 /* TimeMeasurer.cpp */ = {isa = PBXFileReference; fileEncoding = 4; lastKnownFileType = sourcecode.cpp.cpp; path = TimeMeasurer.cpp; sourceTree = "<group>"; };
		7201D3351ED3134F0074C053 /* TimeMeasurer.hpp */ = {isa = PBXFileReference; fileEncoding = 4; lastKnownFileType = sourcecode.cpp.h; path = TimeMeasurer.hpp; sourceTree = "<group>"; };
		7201D3361ED3134F0074C053 /* UnitTest.cpp */ = {isa = PBXFileReference; fileEncoding = 4; lastKnownFileType = sourcecode.cpp.cpp; path = UnitTest.cpp; sourceTree = "<group>"; };
		7201D3371ED3134F0074C053 /* UnitTest.hpp */ = {isa = PBXFileReference; fileEncoding = 4; lastKnownFileType = sourcecode.cpp.h; path = UnitTest.hpp; sourceTree = "<group>"; };
		7201D5491ED313500074C053 /* BoundingBox.cpp */ = {isa = PBXFileReference; fileEncoding = 4; lastKnownFileType = sourcecode.cpp.cpp; path = BoundingBox.cpp; sourceTree = "<group>"; };
		7201D54A1ED313500074C053 /* BoundingBox.hpp */ = {isa = PBXFileReference; fileEncoding = 4; lastKnownFileType = sourcecode.cpp.h; path = BoundingBox.hpp; sourceTree = "<group>"; };
		7201D54B1ED313500074C053 /* BoundingFrustum.cpp */ = {isa = PBXFileReference; fileEncoding = 4; lastKnownFileType = sourcecode.cpp.cpp; path = BoundingFrustum.cpp; sourceTree = "<group>"; };
		7201D54C1ED313500074C053 /* BoundingFrustum.hpp */ = {isa = PBXFileReference; fileEncoding = 4; lastKnownFileType = sourcecode.cpp.h; path = BoundingFrustum.hpp; sourceTree = "<group>"; };
		7201D54D1ED313500074C053 /* Box.cpp */ = {isa = PBXFileReference; fileEncoding = 4; lastKnownFileType = sourcecode.cpp.cpp; path = Box.cpp; sourceTree = "<group>"; };
		7201D54E1ED313500074C053 /* Box.hpp */ = {isa = PBXFileReference; fileEncoding = 4; lastKnownFileType = sourcecode.cpp.h; path = Box.hpp; sourceTree = "<group>"; };
		7201D54F1ED313500074C053 /* Interpolator.cpp */ = {isa = PBXFileReference; fileEncoding = 4; lastKnownFileType = sourcecode.cpp.cpp; path = Interpolator.cpp; sourceTree = "<group>"; };
		7201D5501ED313500074C053 /* Interpolator.hpp */ = {isa = PBXFileReference; fileEncoding = 4; lastKnownFileType = sourcecode.cpp.h; path = Interpolator.hpp; sourceTree = "<group>"; };
		7201D5511ED313500074C053 /* MathHelper.cpp */ = {isa = PBXFileReference; fileEncoding = 4; lastKnownFileType = sourcecode.cpp.cpp; path = MathHelper.cpp; sourceTree = "<group>"; };
		7201D5521ED313500074C053 /* MathHelper.hpp */ = {isa = PBXFileReference; fileEncoding = 4; lastKnownFileType = sourcecode.cpp.h; path = MathHelper.hpp; sourceTree = "<group>"; };
		7201D5531ED313500074C053 /* Matrix3x3.cpp */ = {isa = PBXFileReference; fileEncoding = 4; lastKnownFileType = sourcecode.cpp.cpp; path = Matrix3x3.cpp; sourceTree = "<group>"; };
		7201D5541ED313500074C053 /* Matrix3x3.hpp */ = {isa = PBXFileReference; fileEncoding = 4; lastKnownFileType = sourcecode.cpp.h; path = Matrix3x3.hpp; sourceTree = "<group>"; };
		7201D5551ED313500074C053 /* Matrix4x4.cpp */ = {isa = PBXFileReference; fileEncoding = 4; lastKnownFileType = sourcecode.cpp.cpp; path = Matrix4x4.cpp; sourceTree = "<group>"; };
		7201D5561ED313500074C053 /* Matrix4x4.hpp */ = {isa = PBXFileReference; fileEncoding = 4; lastKnownFileType = sourcecode.cpp.h; path = Matrix4x4.hpp; sourceTree = "<group>"; };
		7201D5571ED313500074C053 /* Plane.cpp */ = {isa = PBXFileReference; fileEncoding = 4; lastKnownFileType = sourcecode.cpp.cpp; path = Plane.cpp; sourceTree = "<group>"; };
		7201D5581ED313500074C053 /* Plane.hpp */ = {isa = PBXFileReference; fileEncoding = 4; lastKnownFileType = sourcecode.cpp.h; path = Plane.hpp; sourceTree = "<group>"; };
		7201D5591ED313500074C053 /* Point.cpp */ = {isa = PBXFileReference; fileEncoding = 4; lastKnownFileType = sourcecode.cpp.cpp; path = Point.cpp; sourceTree = "<group>"; };
		7201D55A1ED313500074C053 /* Point.hpp */ = {isa = PBXFileReference; fileEncoding = 4; lastKnownFileType = sourcecode.cpp.h; path = Point.hpp; sourceTree = "<group>"; };
		7201D55B1ED313500074C053 /* Point3.cpp */ = {isa = PBXFileReference; fileEncoding = 4; lastKnownFileType = sourcecode.cpp.cpp; path = Point3.cpp; sourceTree = "<group>"; };
		7201D55C1ED313500074C053 /* Point3.hpp */ = {isa = PBXFileReference; fileEncoding = 4; lastKnownFileType = sourcecode.cpp.h; path = Point3.hpp; sourceTree = "<group>"; };
		7201D55D1ED313500074C053 /* Quaternion.cpp */ = {isa = PBXFileReference; fileEncoding = 4; lastKnownFileType = sourcecode.cpp.cpp; path = Quaternion.cpp; sourceTree = "<group>"; };
		7201D55E1ED313500074C053 /* Quaternion.hpp */ = {isa = PBXFileReference; fileEncoding = 4; lastKnownFileType = sourcecode.cpp.h; path = Quaternion.hpp; sourceTree = "<group>"; };
		7201D55F1ED313500074C053 /* Ray.cpp */ = {isa = PBXFileReference; fileEncoding = 4; lastKnownFileType = sourcecode.cpp.cpp; path = Ray.cpp; sourceTree = "<group>"; };
		7201D5601ED313500074C053 /* Ray.hpp */ = {isa = PBXFileReference; fileEncoding = 4; lastKnownFileType = sourcecode.cpp.h; path = Ray.hpp; sourceTree = "<group>"; };
		7201D5611ED313500074C053 /* Rect.cpp */ = {isa = PBXFileReference; fileEncoding = 4; lastKnownFileType = sourcecode.cpp.cpp; path = Rect.cpp; sourceTree = "<group>"; };
		7201D5621ED313500074C053 /* Rect.hpp */ = {isa = PBXFileReference; fileEncoding = 4; lastKnownFileType = sourcecode.cpp.h; path = Rect.hpp; sourceTree = "<group>"; };
		7201D5631ED313500074C053 /* TransitionHelper.cpp */ = {isa = PBXFileReference; fileEncoding = 4; lastKnownFileType = sourcecode.cpp.cpp; path = TransitionHelper.cpp; sourceTree = "<group>"; };
		7201D5641ED313500074C053 /* TransitionHelper.hpp */ = {isa = PBXFileReference; fileEncoding = 4; lastKnownFileType = sourcecode.cpp.h; path = TransitionHelper.hpp; sourceTree = "<group>"; };
		7201D5651ED313500074C053 /* Vector2.cpp */ = {isa = PBXFileReference; fileEncoding = 4; lastKnownFileType = sourcecode.cpp.cpp; path = Vector2.cpp; sourceTree = "<group>"; };
		7201D5661ED313500074C053 /* Vector2.hpp */ = {isa = PBXFileReference; fileEncoding = 4; lastKnownFileType = sourcecode.cpp.h; path = Vector2.hpp; sourceTree = "<group>"; };
		7201D5671ED313500074C053 /* Vector3.cpp */ = {isa = PBXFileReference; fileEncoding = 4; lastKnownFileType = sourcecode.cpp.cpp; path = Vector3.cpp; sourceTree = "<group>"; };
		7201D5681ED313500074C053 /* Vector3.hpp */ = {isa = PBXFileReference; fileEncoding = 4; lastKnownFileType = sourcecode.cpp.h; path = Vector3.hpp; sourceTree = "<group>"; };
		7201D56A1ED313500074C053 /* OpenGL.hpp */ = {isa = PBXFileReference; fileEncoding = 4; lastKnownFileType = sourcecode.cpp.h; path = OpenGL.hpp; sourceTree = "<group>"; };
		7201D56D1ED313500074C053 /* ChromecastMessage.cpp */ = {isa = PBXFileReference; fileEncoding = 4; lastKnownFileType = sourcecode.cpp.cpp; path = ChromecastMessage.cpp; sourceTree = "<group>"; };
		7201D56E1ED313500074C053 /* ChromecastMessage.hpp */ = {isa = PBXFileReference; fileEncoding = 4; lastKnownFileType = sourcecode.cpp.h; path = ChromecastMessage.hpp; sourceTree = "<group>"; };
		7201D56F1ED313500074C053 /* ChromecastReceiver.cpp */ = {isa = PBXFileReference; fileEncoding = 4; lastKnownFileType = sourcecode.cpp.cpp; path = ChromecastReceiver.cpp; sourceTree = "<group>"; };
		7201D5701ED313500074C053 /* ChromecastReceiver.hpp */ = {isa = PBXFileReference; fileEncoding = 4; lastKnownFileType = sourcecode.cpp.h; path = ChromecastReceiver.hpp; sourceTree = "<group>"; };
		7201D5711ED313500074C053 /* ChromecastUser.cpp */ = {isa = PBXFileReference; fileEncoding = 4; lastKnownFileType = sourcecode.cpp.cpp; path = ChromecastUser.cpp; sourceTree = "<group>"; };
		7201D5721ED313500074C053 /* ChromecastUser.hpp */ = {isa = PBXFileReference; fileEncoding = 4; lastKnownFileType = sourcecode.cpp.h; path = ChromecastUser.hpp; sourceTree = "<group>"; };
		7201D5741ED313500074C053 /* clipper.cpp */ = {isa = PBXFileReference; fileEncoding = 4; lastKnownFileType = sourcecode.cpp.cpp; path = clipper.cpp; sourceTree = "<group>"; };
		7201D5751ED313500074C053 /* clipper.hpp */ = {isa = PBXFileReference; fileEncoding = 4; lastKnownFileType = sourcecode.cpp.h; path = clipper.hpp; sourceTree = "<group>"; };
		7201D5771ED313500074C053 /* triangle.c */ = {isa = PBXFileReference; fileEncoding = 4; lastKnownFileType = sourcecode.c.c; path = triangle.c; sourceTree = "<group>"; };
		7201D5781ED313500074C053 /* triangle.h */ = {isa = PBXFileReference; fileEncoding = 4; lastKnownFileType = sourcecode.c.h; path = triangle.h; sourceTree = "<group>"; };
		7201D57A1ED313500074C053 /* RectPacker.cpp */ = {isa = PBXFileReference; fileEncoding = 4; lastKnownFileType = sourcecode.cpp.cpp; path = RectPacker.cpp; sourceTree = "<group>"; };
		7201D57B1ED313500074C053 /* RectPacker.hpp */ = {isa = PBXFileReference; fileEncoding = 4; lastKnownFileType = sourcecode.cpp.h; path = RectPacker.hpp; sourceTree = "<group>"; };
		7201D7931ED313500074C053 /* AppDelegate.h */ = {isa = PBXFileReference; fileEncoding = 4; lastKnownFileType = sourcecode.c.h; path = AppDelegate.h; sourceTree = "<group>"; };
		7201D7941ED313500074C053 /* AppDelegate.mm */ = {isa = PBXFileReference; fileEncoding = 4; lastKnownFileType = sourcecode.cpp.objcpp; path = AppDelegate.mm; sourceTree = "<group>"; };
		7201D7951ED313500074C053 /* AppMenu.mm */ = {isa = PBXFileReference; fileEncoding = 4; lastKnownFileType = sourcecode.cpp.objcpp; path = AppMenu.mm; sourceTree = "<group>"; };
		7201D7991ED313500074C053 /* FileReader.mm */ = {isa = PBXFileReference; fileEncoding = 4; lastKnownFileType = sourcecode.cpp.objcpp; path = FileReader.mm; sourceTree = "<group>"; };
		7201D79A1ED313500074C053 /* FileSystemWatcher.cpp */ = {isa = PBXFileReference; fileEncoding = 4; lastKnownFileType = sourcecode.cpp.cpp; path = FileSystemWatcher.cpp; sourceTree = "<group>"; };
		7201D79B1ED313500074C053 /* GamePadManager.mm */ = {isa = PBXFileReference; fileEncoding = 4; lastKnownFileType = sourcecode.cpp.objcpp; path = GamePadManager.mm; sourceTree = "<group>"; };
		7201D79C1ED313500074C053 /* OSXView.h */ = {isa = PBXFileReference; fileEncoding = 4; lastKnownFileType = sourcecode.c.h; path = OSXView.h; sourceTree = "<group>"; };
		7201D79D1ED313500074C053 /* OSXView.mm */ = {isa = PBXFileReference; fileEncoding = 4; lastKnownFileType = sourcecode.cpp.objcpp; path = OSXView.mm; sourceTree = "<group>"; };
		7201D79E1ED313500074C053 /* OSXWindowCreator.h */ = {isa = PBXFileReference; fileEncoding = 4; lastKnownFileType = sourcecode.c.h; path = OSXWindowCreator.h; sourceTree = "<group>"; };
		7201D79F1ED313500074C053 /* OSXWindowCreator.mm */ = {isa = PBXFileReference; fileEncoding = 4; lastKnownFileType = sourcecode.cpp.objcpp; path = OSXWindowCreator.mm; sourceTree = "<group>"; };
		7201D7A01ED313500074C053 /* WindowOSX.hpp */ = {isa = PBXFileReference; fileEncoding = 4; lastKnownFileType = sourcecode.cpp.h; path = WindowOSX.hpp; sourceTree = "<group>"; };
		7201D7A11ED313500074C053 /* WindowOSX.mm */ = {isa = PBXFileReference; fileEncoding = 4; lastKnownFileType = sourcecode.cpp.objcpp; path = WindowOSX.mm; sourceTree = "<group>"; };
		7201D7AA1ED313500074C053 /* Profiler.cpp */ = {isa = PBXFileReference; fileEncoding = 4; lastKnownFileType = sourcecode.cpp.cpp; path = Profiler.cpp; sourceTree = "<group>"; };
		7201D7AB1ED313500074C053 /* Profiler.hpp */ = {isa = PBXFileReference; fileEncoding = 4; lastKnownFileType = sourcecode.cpp.h; path = Profiler.hpp; sourceTree = "<group>"; };
		7201D7C31ED313510074C053 /* ScriptData.cpp */ = {isa = PBXFileReference; fileEncoding = 4; lastKnownFileType = sourcecode.cpp.cpp; path = ScriptData.cpp; sourceTree = "<group>"; };
		7201D7C41ED313510074C053 /* ScriptData.hpp */ = {isa = PBXFileReference; fileEncoding = 4; lastKnownFileType = sourcecode.cpp.h; path = ScriptData.hpp; sourceTree = "<group>"; };
		7201D7CB1ED313510074C053 /* ScriptWorld.cpp */ = {isa = PBXFileReference; fileEncoding = 4; lastKnownFileType = sourcecode.cpp.cpp; path = ScriptWorld.cpp; sourceTree = "<group>"; };
		7201D7CC1ED313510074C053 /* ScriptWorld.hpp */ = {isa = PBXFileReference; fileEncoding = 4; lastKnownFileType = sourcecode.cpp.h; path = ScriptWorld.hpp; sourceTree = "<group>"; };
		7201D7CE1ED313510074C053 /* IFieldEditor.hpp */ = {isa = PBXFileReference; fileEncoding = 4; lastKnownFileType = sourcecode.cpp.h; path = IFieldEditor.hpp; sourceTree = "<group>"; };
		7201D7CF1ED313510074C053 /* JsonSerializer.hpp */ = {isa = PBXFileReference; fileEncoding = 4; lastKnownFileType = sourcecode.cpp.h; path = JsonSerializer.hpp; sourceTree = "<group>"; };
		7201D7D01ED313510074C053 /* minijson_reader.hpp */ = {isa = PBXFileReference; fileEncoding = 4; lastKnownFileType = sourcecode.cpp.h; path = minijson_reader.hpp; sourceTree = "<group>"; };
		7201D7D11ED313510074C053 /* minijson_writer.hpp */ = {isa = PBXFileReference; fileEncoding = 4; lastKnownFileType = sourcecode.cpp.h; path = minijson_writer.hpp; sourceTree = "<group>"; };
		7201D7D21ED313510074C053 /* TypeIndexList.cpp */ = {isa = PBXFileReference; fileEncoding = 4; lastKnownFileType = sourcecode.cpp.cpp; path = TypeIndexList.cpp; sourceTree = "<group>"; };
		7201D7D31ED313510074C053 /* TypeIndexList.hpp */ = {isa = PBXFileReference; fileEncoding = 4; lastKnownFileType = sourcecode.cpp.h; path = TypeIndexList.hpp; sourceTree = "<group>"; };
		7201D7D41ED313510074C053 /* TypeInfo.hpp */ = {isa = PBXFileReference; fileEncoding = 4; lastKnownFileType = sourcecode.cpp.h; path = TypeInfo.hpp; sourceTree = "<group>"; };
		7227450D1F16A492009B0528 /* testInitializer.cpp */ = {isa = PBXFileReference; fileEncoding = 4; lastKnownFileType = sourcecode.cpp.cpp; path = testInitializer.cpp; sourceTree = "<group>"; };
		722745111F1804CA009B0528 /* ObjectConstructor.hpp */ = {isa = PBXFileReference; fileEncoding = 4; lastKnownFileType = sourcecode.cpp.h; path = ObjectConstructor.hpp; sourceTree = "<group>"; };
		724E323E1D0DFB9F0007E8CA /* LogicTests.cpp */ = {isa = PBXFileReference; fileEncoding = 4; lastKnownFileType = sourcecode.cpp.cpp; path = LogicTests.cpp; sourceTree = "<group>"; };
		724E323F1D0DFB9F0007E8CA /* LogicTests.hpp */ = {isa = PBXFileReference; fileEncoding = 4; lastKnownFileType = sourcecode.cpp.h; path = LogicTests.hpp; sourceTree = "<group>"; };
		724E32441D0DFB9F0007E8CA /* LogicTest.cpp */ = {isa = PBXFileReference; fileEncoding = 4; lastKnownFileType = sourcecode.cpp.cpp; path = LogicTest.cpp; sourceTree = "<group>"; };
		724E32451D0DFB9F0007E8CA /* LogicTest.hpp */ = {isa = PBXFileReference; fileEncoding = 4; lastKnownFileType = sourcecode.cpp.h; path = LogicTest.hpp; sourceTree = "<group>"; };
		724E324A1D0E14020007E8CA /* IOKit.framework */ = {isa = PBXFileReference; lastKnownFileType = wrapper.framework; name = IOKit.framework; path = System/Library/Frameworks/IOKit.framework; sourceTree = SDKROOT; };
		724E324C1D0E140F0007E8CA /* Cocoa.framework */ = {isa = PBXFileReference; lastKnownFileType = wrapper.framework; name = Cocoa.framework; path = System/Library/Frameworks/Cocoa.framework; sourceTree = SDKROOT; };
		724E324E1D0E14150007E8CA /* OpenGL.framework */ = {isa = PBXFileReference; lastKnownFileType = wrapper.framework; name = OpenGL.framework; path = System/Library/Frameworks/OpenGL.framework; sourceTree = SDKROOT; };
		724E32501D0E141C0007E8CA /* OpenAL.framework */ = {isa = PBXFileReference; lastKnownFileType = wrapper.framework; name = OpenAL.framework; path = System/Library/Frameworks/OpenAL.framework; sourceTree = SDKROOT; };
		72772F611D0763FD005AC1D8 /* TestComponentSystem */ = {isa = PBXFileReference; explicitFileType = "compiled.mach-o.executable"; includeInIndex = 0; path = TestComponentSystem; sourceTree = BUILT_PRODUCTS_DIR; };
		72772F641D0763FD005AC1D8 /* main.cpp */ = {isa = PBXFileReference; lastKnownFileType = sourcecode.cpp.cpp; path = main.cpp; sourceTree = "<group>"; };
		72AA3C0A1FFC336800CD6088 /* Prefab.json */ = {isa = PBXFileReference; lastKnownFileType = text.json; name = Prefab.json; path = Assets/Prefab.json; sourceTree = "<group>"; };
		72AA3C0B1FFC339600CD6088 /* SerializationTests.hpp */ = {isa = PBXFileReference; fileEncoding = 4; lastKnownFileType = sourcecode.cpp.h; path = SerializationTests.hpp; sourceTree = "<group>"; };
		72AA3C0C1FFC339600CD6088 /* SerializationTests.cpp */ = {isa = PBXFileReference; fileEncoding = 4; lastKnownFileType = sourcecode.cpp.cpp; path = SerializationTests.cpp; sourceTree = "<group>"; };
		72AA3C0F1FFC372900CD6088 /* Prefab.json */ = {isa = PBXFileReference; fileEncoding = 4; lastKnownFileType = text.json; path = Prefab.json; sourceTree = "<group>"; };
		72AA3C102000187900CD6088 /* Hierarchy.cpp */ = {isa = PBXFileReference; lastKnownFileType = sourcecode.cpp.cpp; path = Hierarchy.cpp; sourceTree = "<group>"; };
		72AA3C112000187900CD6088 /* Hierarchy.hpp */ = {isa = PBXFileReference; lastKnownFileType = sourcecode.cpp.h; path = Hierarchy.hpp; sourceTree = "<group>"; };
		72AA3C172013E3FA00CD6088 /* ScriptTest.cpp */ = {isa = PBXFileReference; fileEncoding = 4; lastKnownFileType = sourcecode.cpp.cpp; path = ScriptTest.cpp; sourceTree = "<group>"; };
		72AA3C182013E3FA00CD6088 /* ScriptTest.hpp */ = {isa = PBXFileReference; fileEncoding = 4; lastKnownFileType = sourcecode.cpp.h; path = ScriptTest.hpp; sourceTree = "<group>"; };
		72B3AD891EE5FD2F000A6258 /* ScriptTests.cpp */ = {isa = PBXFileReference; fileEncoding = 4; lastKnownFileType = sourcecode.cpp.cpp; path = ScriptTests.cpp; sourceTree = "<group>"; };
		72B3AD8A1EE5FD2F000A6258 /* ScriptTests.hpp */ = {isa = PBXFileReference; fileEncoding = 4; lastKnownFileType = sourcecode.cpp.h; path = ScriptTests.hpp; sourceTree = "<group>"; };
		72B491E31DBD15A50063518A /* libclang.dylib */ = {isa = PBXFileReference; lastKnownFileType = "compiled.mach-o.dylib"; name = libclang.dylib; path = TestComponentSystem/clang/lib/libclang.dylib; sourceTree = "<group>"; };
		72B492131DBEAC080063518A /* executable_autogenerated.hpp */ = {isa = PBXFileReference; lastKnownFileType = sourcecode.cpp.h; path = executable_autogenerated.hpp; sourceTree = "<group>"; };
		72B492141DBEAC080063518A /* GameSystem.hpp */ = {isa = PBXFileReference; lastKnownFileType = sourcecode.cpp.h; path = GameSystem.hpp; sourceTree = "<group>"; };
		72B492151DBEAC080063518A /* OpenGL.hpp */ = {isa = PBXFileReference; lastKnownFileType = sourcecode.cpp.h; path = OpenGL.hpp; sourceTree = "<group>"; };
		72B492161DBEAC080063518A /* scriptWorld_autogenerated.cpp */ = {isa = PBXFileReference; lastKnownFileType = sourcecode.cpp.cpp; path = scriptWorld_autogenerated.cpp; sourceTree = "<group>"; };
		72B492171DBEAC080063518A /* TypeInfo.hpp */ = {isa = PBXFileReference; lastKnownFileType = sourcecode.cpp.h; path = TypeInfo.hpp; sourceTree = "<group>"; };
		72CC61121FF6E8730066B1F9 /* GameStorage.cpp */ = {isa = PBXFileReference; lastKnownFileType = sourcecode.cpp.cpp; path = GameStorage.cpp; sourceTree = "<group>"; };
		72CC61131FF6E8730066B1F9 /* GameStorage.hpp */ = {isa = PBXFileReference; lastKnownFileType = sourcecode.cpp.h; path = GameStorage.hpp; sourceTree = "<group>"; };
		72CC61151FF6FC220066B1F9 /* GameObjectJsonSerializer.cpp */ = {isa = PBXFileReference; lastKnownFileType = sourcecode.cpp.cpp; path = GameObjectJsonSerializer.cpp; sourceTree = "<group>"; };
		72CC61161FF6FC220066B1F9 /* GameObjectJsonSerializer.hpp */ = {isa = PBXFileReference; lastKnownFileType = sourcecode.cpp.h; path = GameObjectJsonSerializer.hpp; sourceTree = "<group>"; };
		72CC61181FF7003D0066B1F9 /* GameObjectSerializer.cpp */ = {isa = PBXFileReference; lastKnownFileType = sourcecode.cpp.cpp; path = GameObjectSerializer.cpp; sourceTree = "<group>"; };
		72CC61191FF7003D0066B1F9 /* GameObjectSerializer.hpp */ = {isa = PBXFileReference; lastKnownFileType = sourcecode.cpp.h; path = GameObjectSerializer.hpp; sourceTree = "<group>"; };
		72FBB05E1F0ED9500036AC7A /* Colour.cpp */ = {isa = PBXFileReference; fileEncoding = 4; lastKnownFileType = sourcecode.cpp.cpp; path = Colour.cpp; sourceTree = "<group>"; };
		72FBB05F1F0ED9500036AC7A /* Colour.hpp */ = {isa = PBXFileReference; fileEncoding = 4; lastKnownFileType = sourcecode.cpp.h; path = Colour.hpp; sourceTree = "<group>"; };
		72FBB07A1F0ED96F0036AC7A /* TypeInterpolator.hpp */ = {isa = PBXFileReference; fileEncoding = 4; lastKnownFileType = sourcecode.cpp.h; path = TypeInterpolator.hpp; sourceTree = "<group>"; };
		72FBB07B1F0EDA1A0036AC7A /* serializeTemplateTypes.cpp */ = {isa = PBXFileReference; fileEncoding = 4; lastKnownFileType = sourcecode.cpp.cpp; path = serializeTemplateTypes.cpp; sourceTree = "<group>"; };
		72FBB07D1F12BE5F0036AC7A /* testConstexpr.cpp */ = {isa = PBXFileReference; fileEncoding = 4; lastKnownFileType = sourcecode.cpp.cpp; path = testConstexpr.cpp; sourceTree = "<group>"; };
/* End PBXFileReference section */

/* Begin PBXFrameworksBuildPhase section */
		72772F5E1D0763FD005AC1D8 /* Frameworks */ = {
			isa = PBXFrameworksBuildPhase;
			buildActionMask = 2147483647;
			files = (
				72B491E41DBD15A50063518A /* libclang.dylib in Frameworks */,
				724E32511D0E141C0007E8CA /* OpenAL.framework in Frameworks */,
				724E324F1D0E14150007E8CA /* OpenGL.framework in Frameworks */,
				724E324D1D0E14100007E8CA /* Cocoa.framework in Frameworks */,
				724E324B1D0E14020007E8CA /* IOKit.framework in Frameworks */,
			);
			runOnlyForDeploymentPostprocessing = 0;
		};
/* End PBXFrameworksBuildPhase section */

/* Begin PBXGroup section */
		7201D2E41ED3134F0074C053 /* Pocket */ = {
			isa = PBXGroup;
			children = (
				7201D2E51ED3134F0074C053 /* ComponentSystem */,
				7201D2F91ED3134F0074C053 /* Core */,
				7201D30A1ED3134F0074C053 /* Data */,
				7201D3321ED3134F0074C053 /* Debugging */,
				7201D5481ED313500074C053 /* Math */,
				7201D5691ED313500074C053 /* OpenGL */,
				7201D56B1ED313500074C053 /* Other */,
				7201D5791ED313500074C053 /* Packing */,
				7201D7761ED313500074C053 /* Platform */,
				7201D7A91ED313500074C053 /* Profiler */,
				72FBB05B1F0ED9500036AC7A /* Rendering */,
				7201D7C21ED313510074C053 /* Scripting */,
				7201D7CD1ED313510074C053 /* Serialization */,
			);
			name = Pocket;
			path = ../../Pocket;
			sourceTree = "<group>";
		};
		7201D2E51ED3134F0074C053 /* ComponentSystem */ = {
			isa = PBXGroup;
			children = (
				7201D2E61ED3134F0074C053 /* Container.hpp */,
				7201D2E71ED3134F0074C053 /* FileWorld.cpp */,
				7201D2E81ED3134F0074C053 /* FileWorld.hpp */,
				7201D2E91ED3134F0074C053 /* GameIDHelper.cpp */,
				7201D2EA1ED3134F0074C053 /* GameIDHelper.hpp */,
				7201D2EB1ED3134F0074C053 /* GameObject.cpp */,
				7201D2EC1ED3134F0074C053 /* GameObject.hpp */,
				7201D2ED1ED3134F0074C053 /* GameObjectHandle.cpp */,
				7201D2EE1ED3134F0074C053 /* GameObjectHandle.hpp */,
				7201D2EF1ED3134F0074C053 /* GameScene.cpp */,
				7201D2F01ED3134F0074C053 /* GameScene.hpp */,
				7201D2F11ED3134F0074C053 /* GameSystem.cpp */,
				7201D2F21ED3134F0074C053 /* GameSystem.hpp */,
				7201D2F31ED3134F0074C053 /* GameWorld.cpp */,
				7201D2F41ED3134F0074C053 /* GameWorld.hpp */,
				7201D2F51ED3134F0074C053 /* IGameObject.hpp */,
				7201D2F61ED3134F0074C053 /* IGameSystem.hpp */,
				7201D2F71ED3134F0074C053 /* Meta */,
				72CC61121FF6E8730066B1F9 /* GameStorage.cpp */,
				72CC61131FF6E8730066B1F9 /* GameStorage.hpp */,
				72AA3C102000187900CD6088 /* Hierarchy.cpp */,
				72AA3C112000187900CD6088 /* Hierarchy.hpp */,
			);
			path = ComponentSystem;
			sourceTree = "<group>";
		};
		7201D2F71ED3134F0074C053 /* Meta */ = {
			isa = PBXGroup;
			children = (
				7201D2F81ED3134F0074C053 /* MetaLibrary.hpp */,
			);
			path = Meta;
			sourceTree = "<group>";
		};
		7201D2F91ED3134F0074C053 /* Core */ = {
			isa = PBXGroup;
			children = (
				7201D2FA1ED3134F0074C053 /* AppMenu.hpp */,
				7201D2FB1ED3134F0074C053 /* Engine.cpp */,
				7201D2FC1ED3134F0074C053 /* Engine.hpp */,
				7201D2FD1ED3134F0074C053 /* EngineContext.cpp */,
				7201D2FE1ED3134F0074C053 /* EngineContext.hpp */,
				7201D2FF1ED3134F0074C053 /* GamePadManager.hpp */,
				7201D3001ED3134F0074C053 /* GameState.cpp */,
				7201D3011ED3134F0074C053 /* GameState.hpp */,
				7201D3021ED3134F0074C053 /* InputDevice.cpp */,
				7201D3031ED3134F0074C053 /* InputDevice.hpp */,
				7201D3041ED3134F0074C053 /* InputManager.cpp */,
				7201D3051ED3134F0074C053 /* InputManager.hpp */,
				7201D3061ED3134F0074C053 /* Timer.cpp */,
				7201D3071ED3134F0074C053 /* Timer.hpp */,
				7201D3081ED3134F0074C053 /* Window.cpp */,
				7201D3091ED3134F0074C053 /* Window.hpp */,
			);
			path = Core;
			sourceTree = "<group>";
		};
		7201D30A1ED3134F0074C053 /* Data */ = {
			isa = PBXGroup;
			children = (
				7201D30B1ED3134F0074C053 /* BezierCurve1.cpp */,
				7201D30C1ED3134F0074C053 /* BezierCurve1.hpp */,
				7201D30D1ED3134F0074C053 /* BezierCurve3.cpp */,
				7201D30E1ED3134F0074C053 /* BezierCurve3.hpp */,
				7201D30F1ED3134F0074C053 /* Bitset.cpp */,
				7201D3101ED3134F0074C053 /* Bitset.hpp */,
				7201D3111ED3134F0074C053 /* CellGrid.hpp */,
				7201D3121ED3134F0074C053 /* Collection.hpp */,
				7201D3131ED3134F0074C053 /* DirtyProperty.hpp */,
				7201D3141ED3134F0074C053 /* Event.hpp */,
				7201D3181ED3134F0074C053 /* FileHelper.cpp */,
				7201D3191ED3134F0074C053 /* FileHelper.hpp */,
				7201D31A1ED3134F0074C053 /* FileReader.hpp */,
				7201D31B1ED3134F0074C053 /* FileSystemWatcher.hpp */,
				7201D31C1ED3134F0074C053 /* Guid.cpp */,
				7201D31D1ED3134F0074C053 /* Guid.hpp */,
				7201D31E1ED3134F0074C053 /* ICellItem.cpp */,
				7201D31F1ED3134F0074C053 /* ICellItem.hpp */,
				7201D3201ED3134F0074C053 /* IPointable.hpp */,
				7201D3211ED3134F0074C053 /* NodeLine.hpp */,
				7201D3221ED3134F0074C053 /* Octree.cpp */,
				7201D3231ED3134F0074C053 /* Octree.hpp */,
				7201D3241ED3134F0074C053 /* Pointer.cpp */,
				7201D3251ED3134F0074C053 /* Pointer.hpp */,
				7201D3261ED3134F0074C053 /* Property.hpp */,
				7201D3271ED3134F0074C053 /* PropertyListener.hpp */,
				7201D3281ED3134F0074C053 /* QuadTree.cpp */,
				7201D3291ED3134F0074C053 /* QuadTree.hpp */,
				7201D32A1ED3134F0074C053 /* Span.hpp */,
				7201D32B1ED3134F0074C053 /* StringHelper.cpp */,
				7201D32C1ED3134F0074C053 /* StringHelper.hpp */,
				7201D32D1ED3134F0074C053 /* Timeline.hpp */,
				7201D32E1ED3134F0074C053 /* Triangulator.cpp */,
				7201D32F1ED3134F0074C053 /* Triangulator.hpp */,
				7201D3301ED3134F0074C053 /* Worker.cpp */,
				7201D3311ED3134F0074C053 /* Worker.hpp */,
			);
			path = Data;
			sourceTree = "<group>";
		};
		7201D3321ED3134F0074C053 /* Debugging */ = {
			isa = PBXGroup;
			children = (
				7201D3331ED3134F0074C053 /* Assert.hpp */,
				7201D3341ED3134F0074C053 /* TimeMeasurer.cpp */,
				7201D3351ED3134F0074C053 /* TimeMeasurer.hpp */,
				7201D3361ED3134F0074C053 /* UnitTest.cpp */,
				7201D3371ED3134F0074C053 /* UnitTest.hpp */,
			);
			path = Debugging;
			sourceTree = "<group>";
		};
		7201D5481ED313500074C053 /* Math */ = {
			isa = PBXGroup;
			children = (
				7201D5491ED313500074C053 /* BoundingBox.cpp */,
				7201D54A1ED313500074C053 /* BoundingBox.hpp */,
				7201D54B1ED313500074C053 /* BoundingFrustum.cpp */,
				7201D54C1ED313500074C053 /* BoundingFrustum.hpp */,
				7201D54D1ED313500074C053 /* Box.cpp */,
				7201D54E1ED313500074C053 /* Box.hpp */,
				7201D54F1ED313500074C053 /* Interpolator.cpp */,
				7201D5501ED313500074C053 /* Interpolator.hpp */,
				7201D5511ED313500074C053 /* MathHelper.cpp */,
				7201D5521ED313500074C053 /* MathHelper.hpp */,
				7201D5531ED313500074C053 /* Matrix3x3.cpp */,
				7201D5541ED313500074C053 /* Matrix3x3.hpp */,
				7201D5551ED313500074C053 /* Matrix4x4.cpp */,
				7201D5561ED313500074C053 /* Matrix4x4.hpp */,
				7201D5571ED313500074C053 /* Plane.cpp */,
				7201D5581ED313500074C053 /* Plane.hpp */,
				7201D5591ED313500074C053 /* Point.cpp */,
				7201D55A1ED313500074C053 /* Point.hpp */,
				7201D55B1ED313500074C053 /* Point3.cpp */,
				7201D55C1ED313500074C053 /* Point3.hpp */,
				7201D55D1ED313500074C053 /* Quaternion.cpp */,
				7201D55E1ED313500074C053 /* Quaternion.hpp */,
				7201D55F1ED313500074C053 /* Ray.cpp */,
				7201D5601ED313500074C053 /* Ray.hpp */,
				7201D5611ED313500074C053 /* Rect.cpp */,
				7201D5621ED313500074C053 /* Rect.hpp */,
				7201D5631ED313500074C053 /* TransitionHelper.cpp */,
				7201D5641ED313500074C053 /* TransitionHelper.hpp */,
				7201D5651ED313500074C053 /* Vector2.cpp */,
				7201D5661ED313500074C053 /* Vector2.hpp */,
				7201D5671ED313500074C053 /* Vector3.cpp */,
				7201D5681ED313500074C053 /* Vector3.hpp */,
			);
			path = Math;
			sourceTree = "<group>";
		};
		7201D5691ED313500074C053 /* OpenGL */ = {
			isa = PBXGroup;
			children = (
				7201D56A1ED313500074C053 /* OpenGL.hpp */,
			);
			path = OpenGL;
			sourceTree = "<group>";
		};
		7201D56B1ED313500074C053 /* Other */ = {
			isa = PBXGroup;
			children = (
				7201D56C1ED313500074C053 /* Chromecast */,
				7201D5731ED313500074C053 /* Clipping */,
			);
			path = Other;
			sourceTree = "<group>";
		};
		7201D56C1ED313500074C053 /* Chromecast */ = {
			isa = PBXGroup;
			children = (
				7201D56D1ED313500074C053 /* ChromecastMessage.cpp */,
				7201D56E1ED313500074C053 /* ChromecastMessage.hpp */,
				7201D56F1ED313500074C053 /* ChromecastReceiver.cpp */,
				7201D5701ED313500074C053 /* ChromecastReceiver.hpp */,
				7201D5711ED313500074C053 /* ChromecastUser.cpp */,
				7201D5721ED313500074C053 /* ChromecastUser.hpp */,
			);
			path = Chromecast;
			sourceTree = "<group>";
		};
		7201D5731ED313500074C053 /* Clipping */ = {
			isa = PBXGroup;
			children = (
				7201D5741ED313500074C053 /* clipper.cpp */,
				7201D5751ED313500074C053 /* clipper.hpp */,
				7201D5761ED313500074C053 /* triangle */,
			);
			path = Clipping;
			sourceTree = "<group>";
		};
		7201D5761ED313500074C053 /* triangle */ = {
			isa = PBXGroup;
			children = (
				7201D5771ED313500074C053 /* triangle.c */,
				7201D5781ED313500074C053 /* triangle.h */,
			);
			path = triangle;
			sourceTree = "<group>";
		};
		7201D5791ED313500074C053 /* Packing */ = {
			isa = PBXGroup;
			children = (
				7201D57A1ED313500074C053 /* RectPacker.cpp */,
				7201D57B1ED313500074C053 /* RectPacker.hpp */,
			);
			path = Packing;
			sourceTree = "<group>";
		};
		7201D7761ED313500074C053 /* Platform */ = {
			isa = PBXGroup;
			children = (
				7201D7921ED313500074C053 /* OSX */,
			);
			path = Platform;
			sourceTree = "<group>";
		};
		7201D7921ED313500074C053 /* OSX */ = {
			isa = PBXGroup;
			children = (
				7201D7931ED313500074C053 /* AppDelegate.h */,
				7201D7941ED313500074C053 /* AppDelegate.mm */,
				7201D7951ED313500074C053 /* AppMenu.mm */,
				7201D7991ED313500074C053 /* FileReader.mm */,
				7201D79A1ED313500074C053 /* FileSystemWatcher.cpp */,
				7201D79B1ED313500074C053 /* GamePadManager.mm */,
				7201D79C1ED313500074C053 /* OSXView.h */,
				7201D79D1ED313500074C053 /* OSXView.mm */,
				7201D79E1ED313500074C053 /* OSXWindowCreator.h */,
				7201D79F1ED313500074C053 /* OSXWindowCreator.mm */,
				7201D7A01ED313500074C053 /* WindowOSX.hpp */,
				7201D7A11ED313500074C053 /* WindowOSX.mm */,
			);
			path = OSX;
			sourceTree = "<group>";
		};
		7201D7A91ED313500074C053 /* Profiler */ = {
			isa = PBXGroup;
			children = (
				7201D7AA1ED313500074C053 /* Profiler.cpp */,
				7201D7AB1ED313500074C053 /* Profiler.hpp */,
			);
			path = Profiler;
			sourceTree = "<group>";
		};
		7201D7C21ED313510074C053 /* Scripting */ = {
			isa = PBXGroup;
			children = (
				7201D7C31ED313510074C053 /* ScriptData.cpp */,
				7201D7C41ED313510074C053 /* ScriptData.hpp */,
				7201D7CB1ED313510074C053 /* ScriptWorld.cpp */,
				7201D7CC1ED313510074C053 /* ScriptWorld.hpp */,
			);
			path = Scripting;
			sourceTree = "<group>";
		};
		7201D7CD1ED313510074C053 /* Serialization */ = {
			isa = PBXGroup;
			children = (
				72FBB07A1F0ED96F0036AC7A /* TypeInterpolator.hpp */,
				7201D7CE1ED313510074C053 /* IFieldEditor.hpp */,
				7201D7CF1ED313510074C053 /* JsonSerializer.hpp */,
				7201D7D01ED313510074C053 /* minijson_reader.hpp */,
				7201D7D11ED313510074C053 /* minijson_writer.hpp */,
				7201D7D21ED313510074C053 /* TypeIndexList.cpp */,
				7201D7D31ED313510074C053 /* TypeIndexList.hpp */,
				7201D7D41ED313510074C053 /* TypeInfo.hpp */,
				722745111F1804CA009B0528 /* ObjectConstructor.hpp */,
				72CC61151FF6FC220066B1F9 /* GameObjectJsonSerializer.cpp */,
				72CC61161FF6FC220066B1F9 /* GameObjectJsonSerializer.hpp */,
				72CC61181FF7003D0066B1F9 /* GameObjectSerializer.cpp */,
				72CC61191FF7003D0066B1F9 /* GameObjectSerializer.hpp */,
			);
			path = Serialization;
			sourceTree = "<group>";
		};
		724E323D1D0DFB9F0007E8CA /* Tests */ = {
			isa = PBXGroup;
			children = (
				72AA3C0C1FFC339600CD6088 /* SerializationTests.cpp */,
				72AA3C0B1FFC339600CD6088 /* SerializationTests.hpp */,
				72B3AD891EE5FD2F000A6258 /* ScriptTests.cpp */,
				72B3AD8A1EE5FD2F000A6258 /* ScriptTests.hpp */,
				724E323E1D0DFB9F0007E8CA /* LogicTests.cpp */,
				724E323F1D0DFB9F0007E8CA /* LogicTests.hpp */,
				724E32441D0DFB9F0007E8CA /* LogicTest.cpp */,
				724E32451D0DFB9F0007E8CA /* LogicTest.hpp */,
			);
			path = Tests;
			sourceTree = "<group>";
		};
		72772F581D0763FD005AC1D8 = {
			isa = PBXGroup;
			children = (
				7201D2E41ED3134F0074C053 /* Pocket */,
				72B491E31DBD15A50063518A /* libclang.dylib */,
				724E32501D0E141C0007E8CA /* OpenAL.framework */,
				724E324E1D0E14150007E8CA /* OpenGL.framework */,
				724E324C1D0E140F0007E8CA /* Cocoa.framework */,
				724E324A1D0E14020007E8CA /* IOKit.framework */,
				72772F631D0763FD005AC1D8 /* TestComponentSystem */,
				72772F621D0763FD005AC1D8 /* Products */,
			);
			sourceTree = "<group>";
		};
		72772F621D0763FD005AC1D8 /* Products */ = {
			isa = PBXGroup;
			children = (
				72772F611D0763FD005AC1D8 /* TestComponentSystem */,
			);
			name = Products;
			sourceTree = "<group>";
		};
		72772F631D0763FD005AC1D8 /* TestComponentSystem */ = {
			isa = PBXGroup;
			children = (
				72AA3C132013E3DE00CD6088 /* Scripts */,
				72AA3C0E1FFC372900CD6088 /* Assets */,
				72B4920C1DBEAB430063518A /* ScriptInclude */,
				724E323D1D0DFB9F0007E8CA /* Tests */,
				72772F641D0763FD005AC1D8 /* main.cpp */,
				72FBB07B1F0EDA1A0036AC7A /* serializeTemplateTypes.cpp */,
				72FBB07D1F12BE5F0036AC7A /* testConstexpr.cpp */,
				7227450D1F16A492009B0528 /* testInitializer.cpp */,
				72AA3C0A1FFC336800CD6088 /* Prefab.json */,
			);
			path = TestComponentSystem;
			sourceTree = "<group>";
		};
		72AA3C0E1FFC372900CD6088 /* Assets */ = {
			isa = PBXGroup;
			children = (
				72AA3C0F1FFC372900CD6088 /* Prefab.json */,
			);
			path = Assets;
			sourceTree = "<group>";
		};
		72AA3C132013E3DE00CD6088 /* Scripts */ = {
			isa = PBXGroup;
			children = (
				72AA3C172013E3FA00CD6088 /* ScriptTest.cpp */,
				72AA3C182013E3FA00CD6088 /* ScriptTest.hpp */,
			);
			path = Scripts;
			sourceTree = "<group>";
		};
		72B4920C1DBEAB430063518A /* ScriptInclude */ = {
			isa = PBXGroup;
			children = (
				72B492131DBEAC080063518A /* executable_autogenerated.hpp */,
				72B492141DBEAC080063518A /* GameSystem.hpp */,
				72B492151DBEAC080063518A /* OpenGL.hpp */,
				72B492161DBEAC080063518A /* scriptWorld_autogenerated.cpp */,
				72B492171DBEAC080063518A /* TypeInfo.hpp */,
			);
			path = ScriptInclude;
			sourceTree = "<group>";
		};
		72FBB05B1F0ED9500036AC7A /* Rendering */ = {
			isa = PBXGroup;
			children = (
				72FBB05E1F0ED9500036AC7A /* Colour.cpp */,
				72FBB05F1F0ED9500036AC7A /* Colour.hpp */,
			);
			path = Rendering;
			sourceTree = "<group>";
		};
/* End PBXGroup section */

/* Begin PBXNativeTarget section */
		72772F601D0763FD005AC1D8 /* TestComponentSystem */ = {
			isa = PBXNativeTarget;
			buildConfigurationList = 72772F681D0763FD005AC1D8 /* Build configuration list for PBXNativeTarget "TestComponentSystem" */;
			buildPhases = (
				72772F5D1D0763FD005AC1D8 /* Sources */,
				72772F5E1D0763FD005AC1D8 /* Frameworks */,
				72772F5F1D0763FD005AC1D8 /* CopyFiles */,
			);
			buildRules = (
			);
			dependencies = (
			);
			name = TestComponentSystem;
			productName = TestComponentSystem;
			productReference = 72772F611D0763FD005AC1D8 /* TestComponentSystem */;
			productType = "com.apple.product-type.tool";
		};
/* End PBXNativeTarget section */

/* Begin PBXProject section */
		72772F591D0763FD005AC1D8 /* Project object */ = {
			isa = PBXProject;
			attributes = {
				LastUpgradeCheck = 0720;
				ORGANIZATIONNAME = "Jeppe Nielsen";
				TargetAttributes = {
					72772F601D0763FD005AC1D8 = {
						CreatedOnToolsVersion = 7.2;
					};
				};
			};
			buildConfigurationList = 72772F5C1D0763FD005AC1D8 /* Build configuration list for PBXProject "TestComponentSystem" */;
			compatibilityVersion = "Xcode 3.2";
			developmentRegion = English;
			hasScannedForEncodings = 0;
			knownRegions = (
				en,
			);
			mainGroup = 72772F581D0763FD005AC1D8;
			productRefGroup = 72772F621D0763FD005AC1D8 /* Products */;
			projectDirPath = "";
			projectRoot = "";
			targets = (
				72772F601D0763FD005AC1D8 /* TestComponentSystem */,
			);
		};
/* End PBXProject section */

/* Begin PBXSourcesBuildPhase section */
		72772F5D1D0763FD005AC1D8 /* Sources */ = {
			isa = PBXSourcesBuildPhase;
			buildActionMask = 2147483647;
			files = (
				7201D7FA1ED313510074C053 /* Guid.cpp in Sources */,
				7201D7FB1ED313510074C053 /* ICellItem.cpp in Sources */,
				7201D7F91ED313510074C053 /* FileHelper.cpp in Sources */,
				7201D7EA1ED313510074C053 /* GameObjectHandle.cpp in Sources */,
				72CC61141FF6E8730066B1F9 /* GameStorage.cpp in Sources */,
				7201D7E81ED313510074C053 /* GameIDHelper.cpp in Sources */,
				7201D9A91ED313520074C053 /* AppMenu.mm in Sources */,
				7201D7FC1ED313510074C053 /* Octree.cpp in Sources */,
				7201D7F11ED313510074C053 /* InputDevice.cpp in Sources */,
				7201D9A81ED313520074C053 /* AppDelegate.mm in Sources */,
				7201D8D01ED313510074C053 /* Matrix3x3.cpp in Sources */,
				7201D7ED1ED313510074C053 /* GameWorld.cpp in Sources */,
				7201D8D61ED313510074C053 /* Ray.cpp in Sources */,
				7201D7E71ED313510074C053 /* FileWorld.cpp in Sources */,
				72CC611A1FF7003D0066B1F9 /* GameObjectSerializer.cpp in Sources */,
				724E32491D0DFB9F0007E8CA /* LogicTest.cpp in Sources */,
				72FBB0721F0ED9500036AC7A /* Colour.cpp in Sources */,
				724E32461D0DFB9F0007E8CA /* LogicTests.cpp in Sources */,
				7201D9B71ED313520074C053 /* Profiler.cpp in Sources */,
				72CC61171FF6FC220066B1F9 /* GameObjectJsonSerializer.cpp in Sources */,
				72AA3C122000187900CD6088 /* Hierarchy.cpp in Sources */,
				7201D9C31ED313520074C053 /* ScriptWorld.cpp in Sources */,
				7201D9B01ED313520074C053 /* OSXWindowCreator.mm in Sources */,
				7201D7EC1ED313510074C053 /* GameSystem.cpp in Sources */,
				7201D8011ED313510074C053 /* Worker.cpp in Sources */,
				7201D8D51ED313510074C053 /* Quaternion.cpp in Sources */,
				7201D7F01ED313510074C053 /* GameState.cpp in Sources */,
				72AA3C0D1FFC339600CD6088 /* SerializationTests.cpp in Sources */,
				7201D8CB1ED313510074C053 /* BoundingBox.cpp in Sources */,
				7201D7FD1ED313510074C053 /* Pointer.cpp in Sources */,
				7201D8DD1ED313510074C053 /* ChromecastUser.cpp in Sources */,
				7201D7F41ED313510074C053 /* Window.cpp in Sources */,
				7201D8CD1ED313510074C053 /* Box.cpp in Sources */,
				7201D8E01ED313510074C053 /* RectPacker.cpp in Sources */,
				72FBB07C1F0EDA1A0036AC7A /* serializeTemplateTypes.cpp in Sources */,
				7201D7F61ED313510074C053 /* BezierCurve3.cpp in Sources */,
				7201D8D21ED313510074C053 /* Plane.cpp in Sources */,
				7201D9B11ED313520074C053 /* WindowOSX.mm in Sources */,
				7201D8DB1ED313510074C053 /* ChromecastMessage.cpp in Sources */,
				7227450F1F16A492009B0528 /* testInitializer.cpp in Sources */,
				7201D8021ED313510074C053 /* TimeMeasurer.cpp in Sources */,
				7201D7F31ED313510074C053 /* Timer.cpp in Sources */,
				7201D7FE1ED313510074C053 /* QuadTree.cpp in Sources */,
				7201D9AE1ED313520074C053 /* GamePadManager.mm in Sources */,
				7201D8D31ED313510074C053 /* Point.cpp in Sources */,
				7201D7FF1ED313510074C053 /* StringHelper.cpp in Sources */,
				72B3AD8B1EE5FD2F000A6258 /* ScriptTests.cpp in Sources */,
				7201D8D91ED313510074C053 /* Vector2.cpp in Sources */,
				7201D8D81ED313510074C053 /* TransitionHelper.cpp in Sources */,
				7201D9C11ED313520074C053 /* ScriptData.cpp in Sources */,
				7201D8D41ED313510074C053 /* Point3.cpp in Sources */,
				7201D9AC1ED313520074C053 /* FileReader.mm in Sources */,
				7201D8DF1ED313510074C053 /* triangle.c in Sources */,
				72772F651D0763FD005AC1D8 /* main.cpp in Sources */,
				7201D8DA1ED313510074C053 /* Vector3.cpp in Sources */,
				7201D9AF1ED313520074C053 /* OSXView.mm in Sources */,
				7201D7F71ED313510074C053 /* Bitset.cpp in Sources */,
				7201D8CE1ED313510074C053 /* Interpolator.cpp in Sources */,
				7201D8D71ED313510074C053 /* Rect.cpp in Sources */,
				7201D7EB1ED313510074C053 /* GameScene.cpp in Sources */,
				72AA3C192013E3FA00CD6088 /* ScriptTest.cpp in Sources */,
				7201D8DC1ED313510074C053 /* ChromecastReceiver.cpp in Sources */,
				7201D7EE1ED313510074C053 /* Engine.cpp in Sources */,
				7201D8031ED313510074C053 /* UnitTest.cpp in Sources */,
				7201D7F21ED313510074C053 /* InputManager.cpp in Sources */,
				7201D7EF1ED313510074C053 /* EngineContext.cpp in Sources */,
				7201D8D11ED313510074C053 /* Matrix4x4.cpp in Sources */,
				7201D9AD1ED313520074C053 /* FileSystemWatcher.cpp in Sources */,
				7201D8001ED313510074C053 /* Triangulator.cpp in Sources */,
				7201D9C41ED313520074C053 /* TypeIndexList.cpp in Sources */,
				72FBB07E1F12BE5F0036AC7A /* testConstexpr.cpp in Sources */,
				7201D8CC1ED313510074C053 /* BoundingFrustum.cpp in Sources */,
				7201D8DE1ED313510074C053 /* clipper.cpp in Sources */,
				7201D8CF1ED313510074C053 /* MathHelper.cpp in Sources */,
				7201D7F51ED313510074C053 /* BezierCurve1.cpp in Sources */,
				7201D7E91ED313510074C053 /* GameObject.cpp in Sources */,
			);
			runOnlyForDeploymentPostprocessing = 0;
		};
/* End PBXSourcesBuildPhase section */

/* Begin XCBuildConfiguration section */
		72772F661D0763FD005AC1D8 /* Debug */ = {
			isa = XCBuildConfiguration;
			buildSettings = {
				ALWAYS_SEARCH_USER_PATHS = NO;
				CLANG_CXX_LANGUAGE_STANDARD = "gnu++0x";
				CLANG_CXX_LIBRARY = "libc++";
				CLANG_ENABLE_MODULES = YES;
				CLANG_ENABLE_OBJC_ARC = YES;
				CLANG_WARN_BOOL_CONVERSION = YES;
				CLANG_WARN_CONSTANT_CONVERSION = YES;
				CLANG_WARN_DIRECT_OBJC_ISA_USAGE = YES_ERROR;
				CLANG_WARN_EMPTY_BODY = YES;
				CLANG_WARN_ENUM_CONVERSION = YES;
				CLANG_WARN_INT_CONVERSION = YES;
				CLANG_WARN_OBJC_ROOT_CLASS = YES_ERROR;
				CLANG_WARN_UNREACHABLE_CODE = YES;
				CLANG_WARN__DUPLICATE_METHOD_MATCH = YES;
				CODE_SIGN_IDENTITY = "-";
				COPY_PHASE_STRIP = NO;
				DEBUG_INFORMATION_FORMAT = dwarf;
				ENABLE_STRICT_OBJC_MSGSEND = YES;
				ENABLE_TESTABILITY = YES;
				GCC_C_LANGUAGE_STANDARD = gnu99;
				GCC_DYNAMIC_NO_PIC = NO;
				GCC_NO_COMMON_BLOCKS = YES;
				GCC_OPTIMIZATION_LEVEL = 0;
				GCC_PREPROCESSOR_DEFINITIONS = (
					"DEBUG=1",
					"$(inherited)",
				);
				GCC_WARN_64_TO_32_BIT_CONVERSION = YES;
				GCC_WARN_ABOUT_RETURN_TYPE = YES_ERROR;
				GCC_WARN_UNDECLARED_SELECTOR = YES;
				GCC_WARN_UNINITIALIZED_AUTOS = YES_AGGRESSIVE;
				GCC_WARN_UNUSED_FUNCTION = YES;
				GCC_WARN_UNUSED_VARIABLE = YES;
				MACOSX_DEPLOYMENT_TARGET = 10.10;
				MTL_ENABLE_DEBUG_INFO = YES;
				ONLY_ACTIVE_ARCH = YES;
				SDKROOT = macosx;
			};
			name = Debug;
		};
		72772F671D0763FD005AC1D8 /* Release */ = {
			isa = XCBuildConfiguration;
			buildSettings = {
				ALWAYS_SEARCH_USER_PATHS = NO;
				CLANG_CXX_LANGUAGE_STANDARD = "gnu++0x";
				CLANG_CXX_LIBRARY = "libc++";
				CLANG_ENABLE_MODULES = YES;
				CLANG_ENABLE_OBJC_ARC = YES;
				CLANG_WARN_BOOL_CONVERSION = YES;
				CLANG_WARN_CONSTANT_CONVERSION = YES;
				CLANG_WARN_DIRECT_OBJC_ISA_USAGE = YES_ERROR;
				CLANG_WARN_EMPTY_BODY = YES;
				CLANG_WARN_ENUM_CONVERSION = YES;
				CLANG_WARN_INT_CONVERSION = YES;
				CLANG_WARN_OBJC_ROOT_CLASS = YES_ERROR;
				CLANG_WARN_UNREACHABLE_CODE = YES;
				CLANG_WARN__DUPLICATE_METHOD_MATCH = YES;
				CODE_SIGN_IDENTITY = "-";
				COPY_PHASE_STRIP = NO;
				DEBUG_INFORMATION_FORMAT = "dwarf-with-dsym";
				ENABLE_NS_ASSERTIONS = NO;
				ENABLE_STRICT_OBJC_MSGSEND = YES;
				GCC_C_LANGUAGE_STANDARD = gnu99;
				GCC_NO_COMMON_BLOCKS = YES;
				GCC_WARN_64_TO_32_BIT_CONVERSION = YES;
				GCC_WARN_ABOUT_RETURN_TYPE = YES_ERROR;
				GCC_WARN_UNDECLARED_SELECTOR = YES;
				GCC_WARN_UNINITIALIZED_AUTOS = YES_AGGRESSIVE;
				GCC_WARN_UNUSED_FUNCTION = YES;
				GCC_WARN_UNUSED_VARIABLE = YES;
				MACOSX_DEPLOYMENT_TARGET = 10.10;
				MTL_ENABLE_DEBUG_INFO = NO;
				SDKROOT = macosx;
			};
			name = Release;
		};
		72772F691D0763FD005AC1D8 /* Debug */ = {
			isa = XCBuildConfiguration;
			buildSettings = {
				CLANG_CXX_LANGUAGE_STANDARD = "gnu++14";
				CLANG_ENABLE_OBJC_ARC = NO;
				GCC_OPTIMIZATION_LEVEL = 0;
				GCC_PREPROCESSOR_DEFINITIONS = (
					"DEBUG=1",
					OSX,
					"$(inherited)",
				);
				HEADER_SEARCH_PATHS = "\"$(SRCROOT)/TestComponentSystem/clang/include\"";
				LIBRARY_SEARCH_PATHS = (
					"$(inherited)",
					"$(PROJECT_DIR)/TestComponentSystem/clang/lib",
				);
				PRODUCT_NAME = "$(TARGET_NAME)";
			};
			name = Debug;
		};
		72772F6A1D0763FD005AC1D8 /* Release */ = {
			isa = XCBuildConfiguration;
			buildSettings = {
				CLANG_CXX_LANGUAGE_STANDARD = "gnu++14";
				CLANG_ENABLE_OBJC_ARC = NO;
				GCC_OPTIMIZATION_LEVEL = 3;
				GCC_PREPROCESSOR_DEFINITIONS = OSX;
				HEADER_SEARCH_PATHS = "\"$(SRCROOT)/TestComponentSystem/clang/include\"";
				LIBRARY_SEARCH_PATHS = (
					"$(inherited)",
					"$(PROJECT_DIR)/TestComponentSystem/clang/lib",
				);
				PRODUCT_NAME = "$(TARGET_NAME)";
			};
			name = Release;
		};
/* End XCBuildConfiguration section */

/* Begin XCConfigurationList section */
		72772F5C1D0763FD005AC1D8 /* Build configuration list for PBXProject "TestComponentSystem" */ = {
			isa = XCConfigurationList;
			buildConfigurations = (
				72772F661D0763FD005AC1D8 /* Debug */,
				72772F671D0763FD005AC1D8 /* Release */,
			);
			defaultConfigurationIsVisible = 0;
			defaultConfigurationName = Release;
		};
		72772F681D0763FD005AC1D8 /* Build configuration list for PBXNativeTarget "TestComponentSystem" */ = {
			isa = XCConfigurationList;
			buildConfigurations = (
				72772F691D0763FD005AC1D8 /* Debug */,
				72772F6A1D0763FD005AC1D8 /* Release */,
			);
			defaultConfigurationIsVisible = 0;
			defaultConfigurationName = Release;
		};
/* End XCConfigurationList section */
	};
	rootObject = 72772F591D0763FD005AC1D8 /* Project object */;
}
